PODS:
  - VirtuosoClientDownloadEngine (4.1)

DEPENDENCIES:
  - VirtuosoClientDownloadEngine (from `../../Podspecs/VirtuosoClientDownloadEngine.podspec`)

EXTERNAL SOURCES:
  VirtuosoClientDownloadEngine:
    :podspec: "../../Podspecs/VirtuosoClientDownloadEngine.podspec"

SPEC CHECKSUMS:
  VirtuosoClientDownloadEngine: c2465d29d0e6aff3fd97f5564f083bef1fe36ddb

PODFILE CHECKSUM: e210a6cf9e62ea70b42f17eb0c67579fefec2d0d

COCOAPODS: 1.10.0
