// !$*UTF8*$!
{
	archiveVersion = 1;
	classes = {
	};
	objectVersion = 52;
	objects = {

/* Begin PBXBuildFile section */
		4D93B3732538CD7E004F08DA /* VirtuosoClientDownloadEngine.xcframework in Frameworks */ = {isa = PBXBuildFile; fileRef = 4D93B3712538CD75004F08DA /* VirtuosoClientDownloadEngine.xcframework */; };
		4D93B3742538CD7E004F08DA /* VirtuosoClientDownloadEngine.xcframework in Embed Frameworks */ = {isa = PBXBuildFile; fileRef = 4D93B3712538CD75004F08DA /* VirtuosoClientDownloadEngine.xcframework */; settings = {ATTRIBUTES = (CodeSignOnCopy, RemoveHeadersOnCopy, ); }; };
		D753103422E78CFF000E1A15 /* AppDelegate.m in Sources */ = {isa = PBXBuildFile; fileRef = D753103322E78CFF000E1A15 /* AppDelegate.m */; };
		D753103722E78CFF000E1A15 /* ViewController.m in Sources */ = {isa = PBXBuildFile; fileRef = D753103622E78CFF000E1A15 /* ViewController.m */; };
		D753103A22E78CFF000E1A15 /* Main.storyboard in Resources */ = {isa = PBXBuildFile; fileRef = D753103822E78CFF000E1A15 /* Main.storyboard */; };
		D753103C22E78D00000E1A15 /* Assets.xcassets in Resources */ = {isa = PBXBuildFile; fileRef = D753103B22E78D00000E1A15 /* Assets.xcassets */; };
		D753103F22E78D00000E1A15 /* LaunchScreen.storyboard in Resources */ = {isa = PBXBuildFile; fileRef = D753103D22E78D00000E1A15 /* LaunchScreen.storyboard */; };
		D753104222E78D00000E1A15 /* main.m in Sources */ = {isa = PBXBuildFile; fileRef = D753104122E78D00000E1A15 /* main.m */; };
		D753105422E78DD9000E1A15 /* Settings.png in Resources */ = {isa = PBXBuildFile; fileRef = D753104D22E78DD8000E1A15 /* Settings.png */; };
		D753105522E78DD9000E1A15 /* Settings@3x.png in Resources */ = {isa = PBXBuildFile; fileRef = D753104E22E78DD8000E1A15 /* Settings@3x.png */; };
		D753105622E78DD9000E1A15 /* Settings@2x.png in Resources */ = {isa = PBXBuildFile; fileRef = D753104F22E78DD8000E1A15 /* Settings@2x.png */; };
		D753105722E78DD9000E1A15 /* DemoPlayerViewController.m in Sources */ = {isa = PBXBuildFile; fileRef = D753105022E78DD8000E1A15 /* DemoPlayerViewController.m */; };
		D753105822E78DD9000E1A15 /* StatusViewController.m in Sources */ = {isa = PBXBuildFile; fileRef = D753105122E78DD9000E1A15 /* StatusViewController.m */; };
/* End PBXBuildFile section */

/* Begin PBXCopyFilesBuildPhase section */
		D753104C22E78D36000E1A15 /* Embed Frameworks */ = {
			isa = PBXCopyFilesBuildPhase;
			buildActionMask = 2147483647;
			dstPath = "";
			dstSubfolderSpec = 10;
			files = (
				4D93B3742538CD7E004F08DA /* VirtuosoClientDownloadEngine.xcframework in Embed Frameworks */,
			);
			name = "Embed Frameworks";
			runOnlyForDeploymentPostprocessing = 0;
		};
/* End PBXCopyFilesBuildPhase section */

/* Begin PBXFileReference section */
		4D93B3712538CD75004F08DA /* VirtuosoClientDownloadEngine.xcframework */ = {isa = PBXFileReference; lastKnownFileType = wrapper.xcframework; name = VirtuosoClientDownloadEngine.xcframework; path = ../../../../VirtuosoClientEngine/VirtuosoClientDownloadEngine/Release/VirtuosoClientDownloadEngine.xcframework; sourceTree = "<group>"; };
		D753102F22E78CFF000E1A15 /* Example1.4.app */ = {isa = PBXFileReference; explicitFileType = wrapper.application; includeInIndex = 0; path = Example1.4.app; sourceTree = BUILT_PRODUCTS_DIR; };
		D753103222E78CFF000E1A15 /* AppDelegate.h */ = {isa = PBXFileReference; lastKnownFileType = sourcecode.c.h; path = AppDelegate.h; sourceTree = "<group>"; };
		D753103322E78CFF000E1A15 /* AppDelegate.m */ = {isa = PBXFileReference; lastKnownFileType = sourcecode.c.objc; path = AppDelegate.m; sourceTree = "<group>"; };
		D753103522E78CFF000E1A15 /* ViewController.h */ = {isa = PBXFileReference; lastKnownFileType = sourcecode.c.h; path = ViewController.h; sourceTree = "<group>"; };
		D753103622E78CFF000E1A15 /* ViewController.m */ = {isa = PBXFileReference; lastKnownFileType = sourcecode.c.objc; path = ViewController.m; sourceTree = "<group>"; };
		D753103922E78CFF000E1A15 /* Base */ = {isa = PBXFileReference; lastKnownFileType = file.storyboard; name = Base; path = Base.lproj/Main.storyboard; sourceTree = "<group>"; };
		D753103B22E78D00000E1A15 /* Assets.xcassets */ = {isa = PBXFileReference; lastKnownFileType = folder.assetcatalog; path = Assets.xcassets; sourceTree = "<group>"; };
		D753103E22E78D00000E1A15 /* Base */ = {isa = PBXFileReference; lastKnownFileType = file.storyboard; name = Base; path = Base.lproj/LaunchScreen.storyboard; sourceTree = "<group>"; };
		D753104022E78D00000E1A15 /* Info.plist */ = {isa = PBXFileReference; lastKnownFileType = text.plist.xml; path = Info.plist; sourceTree = "<group>"; };
		D753104122E78D00000E1A15 /* main.m */ = {isa = PBXFileReference; lastKnownFileType = sourcecode.c.objc; path = main.m; sourceTree = "<group>"; };
		D753104D22E78DD8000E1A15 /* Settings.png */ = {isa = PBXFileReference; lastKnownFileType = image.png; path = Settings.png; sourceTree = "<group>"; };
		D753104E22E78DD8000E1A15 /* Settings@3x.png */ = {isa = PBXFileReference; lastKnownFileType = image.png; path = "Settings@3x.png"; sourceTree = "<group>"; };
		D753104F22E78DD8000E1A15 /* Settings@2x.png */ = {isa = PBXFileReference; lastKnownFileType = image.png; path = "Settings@2x.png"; sourceTree = "<group>"; };
		D753105022E78DD8000E1A15 /* DemoPlayerViewController.m */ = {isa = PBXFileReference; fileEncoding = 4; lastKnownFileType = sourcecode.c.objc; path = DemoPlayerViewController.m; sourceTree = "<group>"; };
		D753105122E78DD9000E1A15 /* StatusViewController.m */ = {isa = PBXFileReference; fileEncoding = 4; lastKnownFileType = sourcecode.c.objc; path = StatusViewController.m; sourceTree = "<group>"; };
		D753105222E78DD9000E1A15 /* DemoPlayerViewController.h */ = {isa = PBXFileReference; fileEncoding = 4; lastKnownFileType = sourcecode.c.h; path = DemoPlayerViewController.h; sourceTree = "<group>"; };
		D753105322E78DD9000E1A15 /* StatusViewController.h */ = {isa = PBXFileReference; fileEncoding = 4; lastKnownFileType = sourcecode.c.h; path = StatusViewController.h; sourceTree = "<group>"; };
/* End PBXFileReference section */

/* Begin PBXFrameworksBuildPhase section */
		D753102C22E78CFF000E1A15 /* Frameworks */ = {
			isa = PBXFrameworksBuildPhase;
			buildActionMask = 2147483647;
			files = (
				4D93B3732538CD7E004F08DA /* VirtuosoClientDownloadEngine.xcframework in Frameworks */,
			);
			runOnlyForDeploymentPostprocessing = 0;
		};
/* End PBXFrameworksBuildPhase section */

/* Begin PBXGroup section */
		D753102622E78CFF000E1A15 = {
			isa = PBXGroup;
			children = (
				D753103122E78CFF000E1A15 /* Example1.4 */,
				D753103022E78CFF000E1A15 /* Products */,
			);
			sourceTree = "<group>";
		};
		D753103022E78CFF000E1A15 /* Products */ = {
			isa = PBXGroup;
			children = (
				D753102F22E78CFF000E1A15 /* Example1.4.app */,
			);
			name = Products;
			sourceTree = "<group>";
		};
		D753103122E78CFF000E1A15 /* Example1.4 */ = {
			isa = PBXGroup;
			children = (
				4D93B3712538CD75004F08DA /* VirtuosoClientDownloadEngine.xcframework */,
				D753103222E78CFF000E1A15 /* AppDelegate.h */,
				D753103322E78CFF000E1A15 /* AppDelegate.m */,
				D753103B22E78D00000E1A15 /* Assets.xcassets */,
				D753105222E78DD9000E1A15 /* DemoPlayerViewController.h */,
				D753105022E78DD8000E1A15 /* DemoPlayerViewController.m */,
				D753104022E78D00000E1A15 /* Info.plist */,
				D753103D22E78D00000E1A15 /* LaunchScreen.storyboard */,
				D753104122E78D00000E1A15 /* main.m */,
				D753103822E78CFF000E1A15 /* Main.storyboard */,
				D753104D22E78DD8000E1A15 /* Settings.png */,
				D753104F22E78DD8000E1A15 /* Settings@2x.png */,
				D753104E22E78DD8000E1A15 /* Settings@3x.png */,
				D753105322E78DD9000E1A15 /* StatusViewController.h */,
				D753105122E78DD9000E1A15 /* StatusViewController.m */,
				D753103522E78CFF000E1A15 /* ViewController.h */,
				D753103622E78CFF000E1A15 /* ViewController.m */,
			);
			path = Example1.4;
			sourceTree = "<group>";
		};
/* End PBXGroup section */

/* Begin PBXNativeTarget section */
		D753102E22E78CFF000E1A15 /* Example1.4 */ = {
			isa = PBXNativeTarget;
			buildConfigurationList = D753104522E78D00000E1A15 /* Build configuration list for PBXNativeTarget "Example1.4" */;
			buildPhases = (
				D753102B22E78CFF000E1A15 /* Sources */,
				D753102C22E78CFF000E1A15 /* Frameworks */,
				D753102D22E78CFF000E1A15 /* Resources */,
				D753104C22E78D36000E1A15 /* Embed Frameworks */,
			);
			buildRules = (
			);
			dependencies = (
			);
			name = Example1.4;
			productName = Example1.4;
			productReference = D753102F22E78CFF000E1A15 /* Example1.4.app */;
			productType = "com.apple.product-type.application";
		};
/* End PBXNativeTarget section */

/* Begin PBXProject section */
		D753102722E78CFF000E1A15 /* Project object */ = {
			isa = PBXProject;
			attributes = {
				LastUpgradeCheck = 1330;
				ORGANIZATIONNAME = Penthera;
				TargetAttributes = {
					D753102E22E78CFF000E1A15 = {
						CreatedOnToolsVersion = 10.2.1;
					};
				};
			};
			buildConfigurationList = D753102A22E78CFF000E1A15 /* Build configuration list for PBXProject "Example1.4" */;
			compatibilityVersion = "Xcode 9.3";
			developmentRegion = en;
			hasScannedForEncodings = 0;
			knownRegions = (
				en,
				Base,
			);
			mainGroup = D753102622E78CFF000E1A15;
			productRefGroup = D753103022E78CFF000E1A15 /* Products */;
			projectDirPath = "";
			projectRoot = "";
			targets = (
				D753102E22E78CFF000E1A15 /* Example1.4 */,
			);
		};
/* End PBXProject section */

/* Begin PBXResourcesBuildPhase section */
		D753102D22E78CFF000E1A15 /* Resources */ = {
			isa = PBXResourcesBuildPhase;
			buildActionMask = 2147483647;
			files = (
				D753105522E78DD9000E1A15 /* Settings@3x.png in Resources */,
				D753105622E78DD9000E1A15 /* Settings@2x.png in Resources */,
				D753105422E78DD9000E1A15 /* Settings.png in Resources */,
				D753103F22E78D00000E1A15 /* LaunchScreen.storyboard in Resources */,
				D753103C22E78D00000E1A15 /* Assets.xcassets in Resources */,
				D753103A22E78CFF000E1A15 /* Main.storyboard in Resources */,
			);
			runOnlyForDeploymentPostprocessing = 0;
		};
/* End PBXResourcesBuildPhase section */

/* Begin PBXSourcesBuildPhase section */
		D753102B22E78CFF000E1A15 /* Sources */ = {
			isa = PBXSourcesBuildPhase;
			buildActionMask = 2147483647;
			files = (
				D753103722E78CFF000E1A15 /* ViewController.m in Sources */,
				D753104222E78D00000E1A15 /* main.m in Sources */,
				D753105722E78DD9000E1A15 /* DemoPlayerViewController.m in Sources */,
				D753103422E78CFF000E1A15 /* AppDelegate.m in Sources */,
				D753105822E78DD9000E1A15 /* StatusViewController.m in Sources */,
			);
			runOnlyForDeploymentPostprocessing = 0;
		};
/* End PBXSourcesBuildPhase section */

/* Begin PBXVariantGroup section */
		D753103822E78CFF000E1A15 /* Main.storyboard */ = {
			isa = PBXVariantGroup;
			children = (
				D753103922E78CFF000E1A15 /* Base */,
			);
			name = Main.storyboard;
			sourceTree = "<group>";
		};
		D753103D22E78D00000E1A15 /* LaunchScreen.storyboard */ = {
			isa = PBXVariantGroup;
			children = (
				D753103E22E78D00000E1A15 /* Base */,
			);
			name = LaunchScreen.storyboard;
			sourceTree = "<group>";
		};
/* End PBXVariantGroup section */

/* Begin XCBuildConfiguration section */
		D753104322E78D00000E1A15 /* Debug */ = {
			isa = XCBuildConfiguration;
			buildSettings = {
				ALWAYS_SEARCH_USER_PATHS = NO;
				CLANG_ANALYZER_NONNULL = YES;
				CLANG_ANALYZER_NUMBER_OBJECT_CONVERSION = YES_AGGRESSIVE;
				CLANG_CXX_LANGUAGE_STANDARD = "gnu++14";
				CLANG_CXX_LIBRARY = "libc++";
				CLANG_ENABLE_MODULES = YES;
				CLANG_ENABLE_OBJC_ARC = YES;
				CLANG_ENABLE_OBJC_WEAK = YES;
				CLANG_WARN_BLOCK_CAPTURE_AUTORELEASING = YES;
				CLANG_WARN_BOOL_CONVERSION = YES;
				CLANG_WARN_COMMA = YES;
				CLANG_WARN_CONSTANT_CONVERSION = YES;
				CLANG_WARN_DEPRECATED_OBJC_IMPLEMENTATIONS = YES;
				CLANG_WARN_DIRECT_OBJC_ISA_USAGE = YES_ERROR;
				CLANG_WARN_DOCUMENTATION_COMMENTS = YES;
				CLANG_WARN_EMPTY_BODY = YES;
				CLANG_WARN_ENUM_CONVERSION = YES;
				CLANG_WARN_INFINITE_RECURSION = YES;
				CLANG_WARN_INT_CONVERSION = YES;
				CLANG_WARN_NON_LITERAL_NULL_CONVERSION = YES;
				CLANG_WARN_OBJC_IMPLICIT_RETAIN_SELF = YES;
				CLANG_WARN_OBJC_LITERAL_CONVERSION = YES;
				CLANG_WARN_OBJC_ROOT_CLASS = YES_ERROR;
				CLANG_WARN_RANGE_LOOP_ANALYSIS = YES;
				CLANG_WARN_STRICT_PROTOTYPES = YES;
				CLANG_WARN_SUSPICIOUS_MOVE = YES;
				CLANG_WARN_UNGUARDED_AVAILABILITY = YES_AGGRESSIVE;
				CLANG_WARN_UNREACHABLE_CODE = YES;
				CLANG_WARN__DUPLICATE_METHOD_MATCH = YES;
				CODE_SIGN_IDENTITY = "iPhone Developer";
				COPY_PHASE_STRIP = NO;
				DEBUG_INFORMATION_FORMAT = dwarf;
				ENABLE_STRICT_OBJC_MSGSEND = YES;
				ENABLE_TESTABILITY = YES;
				GCC_C_LANGUAGE_STANDARD = gnu11;
				GCC_DYNAMIC_NO_PIC = NO;
				GCC_NO_COMMON_BLOCKS = YES;
				GCC_OPTIMIZATION_LEVEL = 0;
				GCC_PREPROCESSOR_DEFINITIONS = (
					"DEBUG=1",
					"$(inherited)",
				);
				GCC_WARN_64_TO_32_BIT_CONVERSION = YES;
				GCC_WARN_ABOUT_RETURN_TYPE = YES_ERROR;
				GCC_WARN_UNDECLARED_SELECTOR = YES;
				GCC_WARN_UNINITIALIZED_AUTOS = YES_AGGRESSIVE;
				GCC_WARN_UNUSED_FUNCTION = YES;
				GCC_WARN_UNUSED_VARIABLE = YES;
				IPHONEOS_DEPLOYMENT_TARGET = 12.2;
				MTL_ENABLE_DEBUG_INFO = INCLUDE_SOURCE;
				MTL_FAST_MATH = YES;
				ONLY_ACTIVE_ARCH = YES;
				SDKROOT = iphoneos;
			};
			name = Debug;
		};
		D753104422E78D00000E1A15 /* Release */ = {
			isa = XCBuildConfiguration;
			buildSettings = {
				ALWAYS_SEARCH_USER_PATHS = NO;
				CLANG_ANALYZER_NONNULL = YES;
				CLANG_ANALYZER_NUMBER_OBJECT_CONVERSION = YES_AGGRESSIVE;
				CLANG_CXX_LANGUAGE_STANDARD = "gnu++14";
				CLANG_CXX_LIBRARY = "libc++";
				CLANG_ENABLE_MODULES = YES;
				CLANG_ENABLE_OBJC_ARC = YES;
				CLANG_ENABLE_OBJC_WEAK = YES;
				CLANG_WARN_BLOCK_CAPTURE_AUTORELEASING = YES;
				CLANG_WARN_BOOL_CONVERSION = YES;
				CLANG_WARN_COMMA = YES;
				CLANG_WARN_CONSTANT_CONVERSION = YES;
				CLANG_WARN_DEPRECATED_OBJC_IMPLEMENTATIONS = YES;
				CLANG_WARN_DIRECT_OBJC_ISA_USAGE = YES_ERROR;
				CLANG_WARN_DOCUMENTATION_COMMENTS = YES;
				CLANG_WARN_EMPTY_BODY = YES;
				CLANG_WARN_ENUM_CONVERSION = YES;
				CLANG_WARN_INFINITE_RECURSION = YES;
				CLANG_WARN_INT_CONVERSION = YES;
				CLANG_WARN_NON_LITERAL_NULL_CONVERSION = YES;
				CLANG_WARN_OBJC_IMPLICIT_RETAIN_SELF = YES;
				CLANG_WARN_OBJC_LITERAL_CONVERSION = YES;
				CLANG_WARN_OBJC_ROOT_CLASS = YES_ERROR;
				CLANG_WARN_RANGE_LOOP_ANALYSIS = YES;
				CLANG_WARN_STRICT_PROTOTYPES = YES;
				CLANG_WARN_SUSPICIOUS_MOVE = YES;
				CLANG_WARN_UNGUARDED_AVAILABILITY = YES_AGGRESSIVE;
				CLANG_WARN_UNREACHABLE_CODE = YES;
				CLANG_WARN__DUPLICATE_METHOD_MATCH = YES;
				CODE_SIGN_IDENTITY = "iPhone Developer";
				COPY_PHASE_STRIP = NO;
				DEBUG_INFORMATION_FORMAT = "dwarf-with-dsym";
				ENABLE_NS_ASSERTIONS = NO;
				ENABLE_STRICT_OBJC_MSGSEND = YES;
				GCC_C_LANGUAGE_STANDARD = gnu11;
				GCC_NO_COMMON_BLOCKS = YES;
				GCC_WARN_64_TO_32_BIT_CONVERSION = YES;
				GCC_WARN_ABOUT_RETURN_TYPE = YES_ERROR;
				GCC_WARN_UNDECLARED_SELECTOR = YES;
				GCC_WARN_UNINITIALIZED_AUTOS = YES_AGGRESSIVE;
				GCC_WARN_UNUSED_FUNCTION = YES;
				GCC_WARN_UNUSED_VARIABLE = YES;
				IPHONEOS_DEPLOYMENT_TARGET = 12.2;
				MTL_ENABLE_DEBUG_INFO = NO;
				MTL_FAST_MATH = YES;
				SDKROOT = iphoneos;
				VALIDATE_PRODUCT = YES;
			};
			name = Release;
		};
		D753104622E78D00000E1A15 /* Debug */ = {
			isa = XCBuildConfiguration;
			buildSettings = {
				ASSETCATALOG_COMPILER_APPICON_NAME = AppIcon;
				CODE_SIGN_STYLE = Automatic;
				DEVELOPMENT_TEAM = L5M4866SC8;
				FRAMEWORK_SEARCH_PATHS = "";
				INFOPLIST_FILE = Example1.4/Info.plist;
				LD_RUNPATH_SEARCH_PATHS = (
					"$(inherited)",
					"@executable_path/Frameworks",
				);
				PRODUCT_BUNDLE_IDENTIFIER = "com.penthera.Example1-4-objc";
				PRODUCT_NAME = "$(TARGET_NAME)";
				TARGETED_DEVICE_FAMILY = "1,2";
			};
			name = Debug;
		};
		D753104722E78D00000E1A15 /* Release */ = {
			isa = XCBuildConfiguration;
			buildSettings = {
				ASSETCATALOG_COMPILER_APPICON_NAME = AppIcon;
				CODE_SIGN_STYLE = Automatic;
				DEVELOPMENT_TEAM = L5M4866SC8;
				FRAMEWORK_SEARCH_PATHS = "";
				INFOPLIST_FILE = Example1.4/Info.plist;
				LD_RUNPATH_SEARCH_PATHS = (
					"$(inherited)",
					"@executable_path/Frameworks",
				);
				PRODUCT_BUNDLE_IDENTIFIER = "com.penthera.Example1-4-objc";
				PRODUCT_NAME = "$(TARGET_NAME)";
				TARGETED_DEVICE_FAMILY = "1,2";
			};
			name = Release;
		};
/* End XCBuildConfiguration section */

/* Begin XCConfigurationList section */
		D753102A22E78CFF000E1A15 /* Build configuration list for PBXProject "Example1.4" */ = {
			isa = XCConfigurationList;
			buildConfigurations = (
				D753104322E78D00000E1A15 /* Debug */,
				D753104422E78D00000E1A15 /* Release */,
			);
			defaultConfigurationIsVisible = 0;
			defaultConfigurationName = Release;
		};
		D753104522E78D00000E1A15 /* Build configuration list for PBXNativeTarget "Example1.4" */ = {
			isa = XCConfigurationList;
			buildConfigurations = (
				D753104622E78D00000E1A15 /* Debug */,
				D753104722E78D00000E1A15 /* Release */,
			);
			defaultConfigurationIsVisible = 0;
			defaultConfigurationName = Release;
		};
/* End XCConfigurationList section */
	};
	rootObject = D753102722E78CFF000E1A15 /* Project object */;
}
