PODS:
  - VirtuosoClientDownloadEngine (4.0)

DEPENDENCIES:
  - VirtuosoClientDownloadEngine

SPEC REPOS:
  https://github.com/penthera/Cache-and-Carry-specs.git:
    - VirtuosoClientDownloadEngine

SPEC CHECKSUMS:
  VirtuosoClientDownloadEngine: 461e81a65c5e898a133735139d2601a601899af6

PODFILE CHECKSUM: 1c7673c4b6291667479644032b2df43373c9f5b0

COCOAPODS: 1.9.1
