PODS:
  - VirtuosoClientDownloadEngine (4.1)

DEPENDENCIES:
  - VirtuosoClientDownloadEngine (from `../../Podspecs/VirtuosoClientDownloadEngine.podspec`)

EXTERNAL SOURCES:
  VirtuosoClientDownloadEngine:
    :podspec: "../../Podspecs/VirtuosoClientDownloadEngine.podspec"

SPEC CHECKSUMS:
  VirtuosoClientDownloadEngine: c2465d29d0e6aff3fd97f5564f083bef1fe36ddb

PODFILE CHECKSUM: 44e30c57c6e8db11b638be73cc5dad1ea65a29f0

COCOAPODS: 1.10.0
