PODS:
  - VirtuosoClientDownloadEngine (3.16.0)

DEPENDENCIES:
  - VirtuosoClientDownloadEngine (from `../../CocoaPodsConfig/VirtuosoClientDownloadEngine.podspec`)

EXTERNAL SOURCES:
  VirtuosoClientDownloadEngine:
    :podspec: "../../CocoaPodsConfig/VirtuosoClientDownloadEngine.podspec"

SPEC CHECKSUMS:
  VirtuosoClientDownloadEngine: 198d183ed9cf46ad8b37582ffb9016b6a1709e1f

PODFILE CHECKSUM: b593fba549192d0a5134accce98450996f63b12e

COCOAPODS: 1.8.4
