// !$*UTF8*$!
{
	archiveVersion = 1;
	classes = {
	};
	objectVersion = 52;
	objects = {

/* Begin PBXBuildFile section */
		4D7748A025657ABB00749209 /* AppDelegate.swift in Sources */ = {isa = PBXBuildFile; fileRef = 4D77489F25657ABB00749209 /* AppDelegate.swift */; };
		4D7748A225657ABB00749209 /* SceneDelegate.swift in Sources */ = {isa = PBXBuildFile; fileRef = 4D7748A125657ABB00749209 /* SceneDelegate.swift */; };
		4D7748A425657ABB00749209 /* ViewController.swift in Sources */ = {isa = PBXBuildFile; fileRef = 4D7748A325657ABB00749209 /* ViewController.swift */; };
		4D7748A725657ABB00749209 /* Main.storyboard in Resources */ = {isa = PBXBuildFile; fileRef = 4D7748A525657ABB00749209 /* Main.storyboard */; };
		4D7748A925657ABB00749209 /* Assets.xcassets in Resources */ = {isa = PBXBuildFile; fileRef = 4D7748A825657ABB00749209 /* Assets.xcassets */; };
		4D7748AC25657ABB00749209 /* LaunchScreen.storyboard in Resources */ = {isa = PBXBuildFile; fileRef = 4D7748AA25657ABB00749209 /* LaunchScreen.storyboard */; };
		4D7748C02565AA8D00749209 /* DemoPlayerViewController.swift in Sources */ = {isa = PBXBuildFile; fileRef = 4D7748BF2565AA8D00749209 /* DemoPlayerViewController.swift */; };
		4D9C558225A790B100870C93 /* VirtuosoClientDownloadEngine in Frameworks */ = {isa = PBXBuildFile; productRef = 4D9C558125A790B100870C93 /* VirtuosoClientDownloadEngine */; };
/* End PBXBuildFile section */

/* Begin PBXFileReference section */
		4D77489C25657ABB00749209 /* Example9.1.app */ = {isa = PBXFileReference; explicitFileType = wrapper.application; includeInIndex = 0; path = Example9.1.app; sourceTree = BUILT_PRODUCTS_DIR; };
		4D77489F25657ABB00749209 /* AppDelegate.swift */ = {isa = PBXFileReference; lastKnownFileType = sourcecode.swift; path = AppDelegate.swift; sourceTree = "<group>"; };
		4D7748A125657ABB00749209 /* SceneDelegate.swift */ = {isa = PBXFileReference; lastKnownFileType = sourcecode.swift; path = SceneDelegate.swift; sourceTree = "<group>"; };
		4D7748A325657ABB00749209 /* ViewController.swift */ = {isa = PBXFileReference; lastKnownFileType = sourcecode.swift; path = ViewController.swift; sourceTree = "<group>"; };
		4D7748A625657ABB00749209 /* Base */ = {isa = PBXFileReference; lastKnownFileType = file.storyboard; name = Base; path = Base.lproj/Main.storyboard; sourceTree = "<group>"; };
		4D7748A825657ABB00749209 /* Assets.xcassets */ = {isa = PBXFileReference; lastKnownFileType = folder.assetcatalog; path = Assets.xcassets; sourceTree = "<group>"; };
		4D7748AB25657ABB00749209 /* Base */ = {isa = PBXFileReference; lastKnownFileType = file.storyboard; name = Base; path = Base.lproj/LaunchScreen.storyboard; sourceTree = "<group>"; };
		4D7748AD25657ABB00749209 /* Info.plist */ = {isa = PBXFileReference; lastKnownFileType = text.plist.xml; path = Info.plist; sourceTree = "<group>"; };
		4D7748BF2565AA8D00749209 /* DemoPlayerViewController.swift */ = {isa = PBXFileReference; fileEncoding = 4; lastKnownFileType = sourcecode.swift; path = DemoPlayerViewController.swift; sourceTree = "<group>"; };
/* End PBXFileReference section */

/* Begin PBXFrameworksBuildPhase section */
		4D77489925657ABB00749209 /* Frameworks */ = {
			isa = PBXFrameworksBuildPhase;
			buildActionMask = 2147483647;
			files = (
				4D9C558225A790B100870C93 /* VirtuosoClientDownloadEngine in Frameworks */,
			);
			runOnlyForDeploymentPostprocessing = 0;
		};
/* End PBXFrameworksBuildPhase section */

/* Begin PBXGroup section */
		4D77489325657ABA00749209 = {
			isa = PBXGroup;
			children = (
				4D77489E25657ABB00749209 /* Example9.1 */,
				4D77489D25657ABB00749209 /* Products */,
				4DF6C9C725661FF800A66FC2 /* Frameworks */,
			);
			sourceTree = "<group>";
		};
		4D77489D25657ABB00749209 /* Products */ = {
			isa = PBXGroup;
			children = (
				4D77489C25657ABB00749209 /* Example9.1.app */,
			);
			name = Products;
			sourceTree = "<group>";
		};
		4D77489E25657ABB00749209 /* Example9.1 */ = {
			isa = PBXGroup;
			children = (
				4D7748BE2565AA6000749209 /* Player */,
				4D77489F25657ABB00749209 /* AppDelegate.swift */,
				4D7748A125657ABB00749209 /* SceneDelegate.swift */,
				4D7748A325657ABB00749209 /* ViewController.swift */,
				4D7748A525657ABB00749209 /* Main.storyboard */,
				4D7748A825657ABB00749209 /* Assets.xcassets */,
				4D7748AA25657ABB00749209 /* LaunchScreen.storyboard */,
				4D7748AD25657ABB00749209 /* Info.plist */,
			);
			path = Example9.1;
			sourceTree = "<group>";
		};
		4D7748BE2565AA6000749209 /* Player */ = {
			isa = PBXGroup;
			children = (
				4D7748BF2565AA8D00749209 /* DemoPlayerViewController.swift */,
			);
			path = Player;
			sourceTree = "<group>";
		};
		4DF6C9C725661FF800A66FC2 /* Frameworks */ = {
			isa = PBXGroup;
			children = (
			);
			name = Frameworks;
			sourceTree = "<group>";
		};
/* End PBXGroup section */

/* Begin PBXNativeTarget section */
		4D77489B25657ABB00749209 /* Example9.1 */ = {
			isa = PBXNativeTarget;
			buildConfigurationList = 4D7748B025657ABB00749209 /* Build configuration list for PBXNativeTarget "Example9.1" */;
			buildPhases = (
				4D77489825657ABB00749209 /* Sources */,
				4D77489925657ABB00749209 /* Frameworks */,
				4D77489A25657ABB00749209 /* Resources */,
			);
			buildRules = (
			);
			dependencies = (
			);
			name = Example9.1;
			packageProductDependencies = (
				4D9C558125A790B100870C93 /* VirtuosoClientDownloadEngine */,
			);
			productName = Example9.1;
			productReference = 4D77489C25657ABB00749209 /* Example9.1.app */;
			productType = "com.apple.product-type.application";
		};
/* End PBXNativeTarget section */

/* Begin PBXProject section */
		4D77489425657ABA00749209 /* Project object */ = {
			isa = PBXProject;
			attributes = {
				LastSwiftUpdateCheck = 1220;
				LastUpgradeCheck = 1220;
				TargetAttributes = {
					4D77489B25657ABB00749209 = {
						CreatedOnToolsVersion = 12.2;
					};
				};
			};
			buildConfigurationList = 4D77489725657ABA00749209 /* Build configuration list for PBXProject "Example9.1" */;
			compatibilityVersion = "Xcode 9.3";
			developmentRegion = en;
			hasScannedForEncodings = 0;
			knownRegions = (
				en,
				Base,
			);
			mainGroup = 4D77489325657ABA00749209;
			packageReferences = (
				4D9C558025A790B100870C93 /* XCRemoteSwiftPackageReference "Download2Go-ios" */,
			);
			productRefGroup = 4D77489D25657ABB00749209 /* Products */;
			projectDirPath = "";
			projectRoot = "";
			targets = (
				4D77489B25657ABB00749209 /* Example9.1 */,
			);
		};
/* End PBXProject section */

/* Begin PBXResourcesBuildPhase section */
		4D77489A25657ABB00749209 /* Resources */ = {
			isa = PBXResourcesBuildPhase;
			buildActionMask = 2147483647;
			files = (
				4D7748AC25657ABB00749209 /* LaunchScreen.storyboard in Resources */,
				4D7748A925657ABB00749209 /* Assets.xcassets in Resources */,
				4D7748A725657ABB00749209 /* Main.storyboard in Resources */,
			);
			runOnlyForDeploymentPostprocessing = 0;
		};
/* End PBXResourcesBuildPhase section */

/* Begin PBXSourcesBuildPhase section */
		4D77489825657ABB00749209 /* Sources */ = {
			isa = PBXSourcesBuildPhase;
			buildActionMask = 2147483647;
			files = (
				4D7748A425657ABB00749209 /* ViewController.swift in Sources */,
				4D7748A025657ABB00749209 /* AppDelegate.swift in Sources */,
				4D7748C02565AA8D00749209 /* DemoPlayerViewController.swift in Sources */,
				4D7748A225657ABB00749209 /* SceneDelegate.swift in Sources */,
			);
			runOnlyForDeploymentPostprocessing = 0;
		};
/* End PBXSourcesBuildPhase section */

/* Begin PBXVariantGroup section */
		4D7748A525657ABB00749209 /* Main.storyboard */ = {
			isa = PBXVariantGroup;
			children = (
				4D7748A625657ABB00749209 /* Base */,
			);
			name = Main.storyboard;
			sourceTree = "<group>";
		};
		4D7748AA25657ABB00749209 /* LaunchScreen.storyboard */ = {
			isa = PBXVariantGroup;
			children = (
				4D7748AB25657ABB00749209 /* Base */,
			);
			name = LaunchScreen.storyboard;
			sourceTree = "<group>";
		};
/* End PBXVariantGroup section */

/* Begin XCBuildConfiguration section */
		4D7748AE25657ABB00749209 /* Debug */ = {
			isa = XCBuildConfiguration;
			buildSettings = {
				ALWAYS_SEARCH_USER_PATHS = NO;
				CLANG_ANALYZER_NONNULL = YES;
				CLANG_ANALYZER_NUMBER_OBJECT_CONVERSION = YES_AGGRESSIVE;
				CLANG_CXX_LANGUAGE_STANDARD = "gnu++14";
				CLANG_CXX_LIBRARY = "libc++";
				CLANG_ENABLE_MODULES = YES;
				CLANG_ENABLE_OBJC_ARC = YES;
				CLANG_ENABLE_OBJC_WEAK = YES;
				CLANG_WARN_BLOCK_CAPTURE_AUTORELEASING = YES;
				CLANG_WARN_BOOL_CONVERSION = YES;
				CLANG_WARN_COMMA = YES;
				CLANG_WARN_CONSTANT_CONVERSION = YES;
				CLANG_WARN_DEPRECATED_OBJC_IMPLEMENTATIONS = YES;
				CLANG_WARN_DIRECT_OBJC_ISA_USAGE = YES_ERROR;
				CLANG_WARN_DOCUMENTATION_COMMENTS = YES;
				CLANG_WARN_EMPTY_BODY = YES;
				CLANG_WARN_ENUM_CONVERSION = YES;
				CLANG_WARN_INFINITE_RECURSION = YES;
				CLANG_WARN_INT_CONVERSION = YES;
				CLANG_WARN_NON_LITERAL_NULL_CONVERSION = YES;
				CLANG_WARN_OBJC_IMPLICIT_RETAIN_SELF = YES;
				CLANG_WARN_OBJC_LITERAL_CONVERSION = YES;
				CLANG_WARN_OBJC_ROOT_CLASS = YES_ERROR;
				CLANG_WARN_QUOTED_INCLUDE_IN_FRAMEWORK_HEADER = YES;
				CLANG_WARN_RANGE_LOOP_ANALYSIS = YES;
				CLANG_WARN_STRICT_PROTOTYPES = YES;
				CLANG_WARN_SUSPICIOUS_MOVE = YES;
				CLANG_WARN_UNGUARDED_AVAILABILITY = YES_AGGRESSIVE;
				CLANG_WARN_UNREACHABLE_CODE = YES;
				CLANG_WARN__DUPLICATE_METHOD_MATCH = YES;
				COPY_PHASE_STRIP = NO;
				DEBUG_INFORMATION_FORMAT = dwarf;
				ENABLE_STRICT_OBJC_MSGSEND = YES;
				ENABLE_TESTABILITY = YES;
				GCC_C_LANGUAGE_STANDARD = gnu11;
				GCC_DYNAMIC_NO_PIC = NO;
				GCC_NO_COMMON_BLOCKS = YES;
				GCC_OPTIMIZATION_LEVEL = 0;
				GCC_PREPROCESSOR_DEFINITIONS = (
					"DEBUG=1",
					"$(inherited)",
				);
				GCC_WARN_64_TO_32_BIT_CONVERSION = YES;
				GCC_WARN_ABOUT_RETURN_TYPE = YES_ERROR;
				GCC_WARN_UNDECLARED_SELECTOR = YES;
				GCC_WARN_UNINITIALIZED_AUTOS = YES_AGGRESSIVE;
				GCC_WARN_UNUSED_FUNCTION = YES;
				GCC_WARN_UNUSED_VARIABLE = YES;
				IPHONEOS_DEPLOYMENT_TARGET = 14.2;
				MTL_ENABLE_DEBUG_INFO = INCLUDE_SOURCE;
				MTL_FAST_MATH = YES;
				ONLY_ACTIVE_ARCH = YES;
				SDKROOT = iphoneos;
				SWIFT_ACTIVE_COMPILATION_CONDITIONS = DEBUG;
				SWIFT_OPTIMIZATION_LEVEL = "-Onone";
			};
			name = Debug;
		};
		4D7748AF25657ABB00749209 /* Release */ = {
			isa = XCBuildConfiguration;
			buildSettings = {
				ALWAYS_SEARCH_USER_PATHS = NO;
				CLANG_ANALYZER_NONNULL = YES;
				CLANG_ANALYZER_NUMBER_OBJECT_CONVERSION = YES_AGGRESSIVE;
				CLANG_CXX_LANGUAGE_STANDARD = "gnu++14";
				CLANG_CXX_LIBRARY = "libc++";
				CLANG_ENABLE_MODULES = YES;
				CLANG_ENABLE_OBJC_ARC = YES;
				CLANG_ENABLE_OBJC_WEAK = YES;
				CLANG_WARN_BLOCK_CAPTURE_AUTORELEASING = YES;
				CLANG_WARN_BOOL_CONVERSION = YES;
				CLANG_WARN_COMMA = YES;
				CLANG_WARN_CONSTANT_CONVERSION = YES;
				CLANG_WARN_DEPRECATED_OBJC_IMPLEMENTATIONS = YES;
				CLANG_WARN_DIRECT_OBJC_ISA_USAGE = YES_ERROR;
				CLANG_WARN_DOCUMENTATION_COMMENTS = YES;
				CLANG_WARN_EMPTY_BODY = YES;
				CLANG_WARN_ENUM_CONVERSION = YES;
				CLANG_WARN_INFINITE_RECURSION = YES;
				CLANG_WARN_INT_CONVERSION = YES;
				CLANG_WARN_NON_LITERAL_NULL_CONVERSION = YES;
				CLANG_WARN_OBJC_IMPLICIT_RETAIN_SELF = YES;
				CLANG_WARN_OBJC_LITERAL_CONVERSION = YES;
				CLANG_WARN_OBJC_ROOT_CLASS = YES_ERROR;
				CLANG_WARN_QUOTED_INCLUDE_IN_FRAMEWORK_HEADER = YES;
				CLANG_WARN_RANGE_LOOP_ANALYSIS = YES;
				CLANG_WARN_STRICT_PROTOTYPES = YES;
				CLANG_WARN_SUSPICIOUS_MOVE = YES;
				CLANG_WARN_UNGUARDED_AVAILABILITY = YES_AGGRESSIVE;
				CLANG_WARN_UNREACHABLE_CODE = YES;
				CLANG_WARN__DUPLICATE_METHOD_MATCH = YES;
				COPY_PHASE_STRIP = NO;
				DEBUG_INFORMATION_FORMAT = "dwarf-with-dsym";
				ENABLE_NS_ASSERTIONS = NO;
				ENABLE_STRICT_OBJC_MSGSEND = YES;
				GCC_C_LANGUAGE_STANDARD = gnu11;
				GCC_NO_COMMON_BLOCKS = YES;
				GCC_WARN_64_TO_32_BIT_CONVERSION = YES;
				GCC_WARN_ABOUT_RETURN_TYPE = YES_ERROR;
				GCC_WARN_UNDECLARED_SELECTOR = YES;
				GCC_WARN_UNINITIALIZED_AUTOS = YES_AGGRESSIVE;
				GCC_WARN_UNUSED_FUNCTION = YES;
				GCC_WARN_UNUSED_VARIABLE = YES;
				IPHONEOS_DEPLOYMENT_TARGET = 14.2;
				MTL_ENABLE_DEBUG_INFO = NO;
				MTL_FAST_MATH = YES;
				SDKROOT = iphoneos;
				SWIFT_COMPILATION_MODE = wholemodule;
				SWIFT_OPTIMIZATION_LEVEL = "-O";
				VALIDATE_PRODUCT = YES;
			};
			name = Release;
		};
		4D7748B125657ABB00749209 /* Debug */ = {
			isa = XCBuildConfiguration;
			buildSettings = {
				ASSETCATALOG_COMPILER_APPICON_NAME = AppIcon;
				ASSETCATALOG_COMPILER_GLOBAL_ACCENT_COLOR_NAME = AccentColor;
				CODE_SIGN_STYLE = Automatic;
				DEVELOPMENT_TEAM = L5M4866SC8;
				INFOPLIST_FILE = Example9.1/Info.plist;
				IPHONEOS_DEPLOYMENT_TARGET = 13.2;
				LD_RUNPATH_SEARCH_PATHS = (
					"$(inherited)",
					"@executable_path/Frameworks",
				);
				PRODUCT_BUNDLE_IDENTIFIER = "com.penthera.com.Example9-1";
				PRODUCT_NAME = "$(TARGET_NAME)";
				SWIFT_VERSION = 5.0;
				TARGETED_DEVICE_FAMILY = "1,2";
			};
			name = Debug;
		};
		4D7748B225657ABB00749209 /* Release */ = {
			isa = XCBuildConfiguration;
			buildSettings = {
				ASSETCATALOG_COMPILER_APPICON_NAME = AppIcon;
				ASSETCATALOG_COMPILER_GLOBAL_ACCENT_COLOR_NAME = AccentColor;
				CODE_SIGN_STYLE = Automatic;
				DEVELOPMENT_TEAM = L5M4866SC8;
				INFOPLIST_FILE = Example9.1/Info.plist;
				IPHONEOS_DEPLOYMENT_TARGET = 13.2;
				LD_RUNPATH_SEARCH_PATHS = (
					"$(inherited)",
					"@executable_path/Frameworks",
				);
				PRODUCT_BUNDLE_IDENTIFIER = "com.penthera.com.Example9-1";
				PRODUCT_NAME = "$(TARGET_NAME)";
				SWIFT_VERSION = 5.0;
				TARGETED_DEVICE_FAMILY = "1,2";
			};
			name = Release;
		};
/* End XCBuildConfiguration section */

/* Begin XCConfigurationList section */
		4D77489725657ABA00749209 /* Build configuration list for PBXProject "Example9.1" */ = {
			isa = XCConfigurationList;
			buildConfigurations = (
				4D7748AE25657ABB00749209 /* Debug */,
				4D7748AF25657ABB00749209 /* Release */,
			);
			defaultConfigurationIsVisible = 0;
			defaultConfigurationName = Release;
		};
		4D7748B025657ABB00749209 /* Build configuration list for PBXNativeTarget "Example9.1" */ = {
			isa = XCConfigurationList;
			buildConfigurations = (
				4D7748B125657ABB00749209 /* Debug */,
				4D7748B225657ABB00749209 /* Release */,
			);
			defaultConfigurationIsVisible = 0;
			defaultConfigurationName = Release;
		};
/* End XCConfigurationList section */

/* Begin XCRemoteSwiftPackageReference section */
		4D9C558025A790B100870C93 /* XCRemoteSwiftPackageReference "Download2Go-ios" */ = {
			isa = XCRemoteSwiftPackageReference;
			repositoryURL = "https://github.com/penthera/Download2Go-ios";
			requirement = {
				branch = master;
				kind = branch;
			};
		};
/* End XCRemoteSwiftPackageReference section */

/* Begin XCSwiftPackageProductDependency section */
		4D9C558125A790B100870C93 /* VirtuosoClientDownloadEngine */ = {
			isa = XCSwiftPackageProductDependency;
			package = 4D9C558025A790B100870C93 /* XCRemoteSwiftPackageReference "Download2Go-ios" */;
			productName = VirtuosoClientDownloadEngine;
		};
/* End XCSwiftPackageProductDependency section */
	};
	rootObject = 4D77489425657ABA00749209 /* Project object */;
}
