// !$*UTF8*$!
{
	archiveVersion = 1;
	classes = {
	};
	objectVersion = 52;
	objects = {

/* Begin PBXBuildFile section */
		4D93B36F2538CD5A004F08DA /* VirtuosoClientDownloadEngine.xcframework in Frameworks */ = {isa = PBXBuildFile; fileRef = 4D93B36D2538CD50004F08DA /* VirtuosoClientDownloadEngine.xcframework */; };
		4D93B3702538CD5A004F08DA /* VirtuosoClientDownloadEngine.xcframework in Embed Frameworks */ = {isa = PBXBuildFile; fileRef = 4D93B36D2538CD50004F08DA /* VirtuosoClientDownloadEngine.xcframework */; settings = {ATTRIBUTES = (CodeSignOnCopy, RemoveHeadersOnCopy, ); }; };
		D7CE835422E0B4E000C79576 /* AppDelegate.m in Sources */ = {isa = PBXBuildFile; fileRef = D7CE835322E0B4E000C79576 /* AppDelegate.m */; };
		D7CE835722E0B4E000C79576 /* ViewController.m in Sources */ = {isa = PBXBuildFile; fileRef = D7CE835622E0B4E000C79576 /* ViewController.m */; };
		D7CE835A22E0B4E000C79576 /* Main.storyboard in Resources */ = {isa = PBXBuildFile; fileRef = D7CE835822E0B4E000C79576 /* Main.storyboard */; };
		D7CE835C22E0B4E000C79576 /* Assets.xcassets in Resources */ = {isa = PBXBuildFile; fileRef = D7CE835B22E0B4E000C79576 /* Assets.xcassets */; };
		D7CE835F22E0B4E000C79576 /* LaunchScreen.storyboard in Resources */ = {isa = PBXBuildFile; fileRef = D7CE835D22E0B4E000C79576 /* LaunchScreen.storyboard */; };
		D7CE836222E0B4E000C79576 /* main.m in Sources */ = {isa = PBXBuildFile; fileRef = D7CE836122E0B4E000C79576 /* main.m */; };
		D7CE836F22E0B56300C79576 /* DemoPlayerViewController.m in Sources */ = {isa = PBXBuildFile; fileRef = D7CE836D22E0B56300C79576 /* DemoPlayerViewController.m */; };
		D7CE837222E0B69800C79576 /* StatusViewController.m in Sources */ = {isa = PBXBuildFile; fileRef = D7CE837022E0B69800C79576 /* StatusViewController.m */; };
		D7CE837622E0B85600C79576 /* Settings.png in Resources */ = {isa = PBXBuildFile; fileRef = D7CE837322E0B85600C79576 /* Settings.png */; };
		D7CE837722E0B85600C79576 /* Settings@2x.png in Resources */ = {isa = PBXBuildFile; fileRef = D7CE837422E0B85600C79576 /* Settings@2x.png */; };
		D7CE837822E0B85600C79576 /* Settings@3x.png in Resources */ = {isa = PBXBuildFile; fileRef = D7CE837522E0B85600C79576 /* Settings@3x.png */; };
/* End PBXBuildFile section */

/* Begin PBXCopyFilesBuildPhase section */
		D7CE836C22E0B52F00C79576 /* Embed Frameworks */ = {
			isa = PBXCopyFilesBuildPhase;
			buildActionMask = 2147483647;
			dstPath = "";
			dstSubfolderSpec = 10;
			files = (
				4D93B3702538CD5A004F08DA /* VirtuosoClientDownloadEngine.xcframework in Embed Frameworks */,
			);
			name = "Embed Frameworks";
			runOnlyForDeploymentPostprocessing = 0;
		};
/* End PBXCopyFilesBuildPhase section */

/* Begin PBXFileReference section */
		4D93B36D2538CD50004F08DA /* VirtuosoClientDownloadEngine.xcframework */ = {isa = PBXFileReference; lastKnownFileType = wrapper.xcframework; name = VirtuosoClientDownloadEngine.xcframework; path = ../../../../VirtuosoClientEngine/VirtuosoClientDownloadEngine/Release/VirtuosoClientDownloadEngine.xcframework; sourceTree = "<group>"; };
		D7CE834F22E0B4E000C79576 /* Example1.3.app */ = {isa = PBXFileReference; explicitFileType = wrapper.application; includeInIndex = 0; path = Example1.3.app; sourceTree = BUILT_PRODUCTS_DIR; };
		D7CE835222E0B4E000C79576 /* AppDelegate.h */ = {isa = PBXFileReference; lastKnownFileType = sourcecode.c.h; path = AppDelegate.h; sourceTree = "<group>"; };
		D7CE835322E0B4E000C79576 /* AppDelegate.m */ = {isa = PBXFileReference; lastKnownFileType = sourcecode.c.objc; path = AppDelegate.m; sourceTree = "<group>"; };
		D7CE835522E0B4E000C79576 /* ViewController.h */ = {isa = PBXFileReference; lastKnownFileType = sourcecode.c.h; path = ViewController.h; sourceTree = "<group>"; };
		D7CE835622E0B4E000C79576 /* ViewController.m */ = {isa = PBXFileReference; lastKnownFileType = sourcecode.c.objc; path = ViewController.m; sourceTree = "<group>"; };
		D7CE835922E0B4E000C79576 /* Base */ = {isa = PBXFileReference; lastKnownFileType = file.storyboard; name = Base; path = Base.lproj/Main.storyboard; sourceTree = "<group>"; };
		D7CE835B22E0B4E000C79576 /* Assets.xcassets */ = {isa = PBXFileReference; lastKnownFileType = folder.assetcatalog; path = Assets.xcassets; sourceTree = "<group>"; };
		D7CE835E22E0B4E000C79576 /* Base */ = {isa = PBXFileReference; lastKnownFileType = file.storyboard; name = Base; path = Base.lproj/LaunchScreen.storyboard; sourceTree = "<group>"; };
		D7CE836022E0B4E000C79576 /* Info.plist */ = {isa = PBXFileReference; lastKnownFileType = text.plist.xml; path = Info.plist; sourceTree = "<group>"; };
		D7CE836122E0B4E000C79576 /* main.m */ = {isa = PBXFileReference; lastKnownFileType = sourcecode.c.objc; path = main.m; sourceTree = "<group>"; };
		D7CE836D22E0B56300C79576 /* DemoPlayerViewController.m */ = {isa = PBXFileReference; fileEncoding = 4; lastKnownFileType = sourcecode.c.objc; path = DemoPlayerViewController.m; sourceTree = "<group>"; };
		D7CE836E22E0B56300C79576 /* DemoPlayerViewController.h */ = {isa = PBXFileReference; fileEncoding = 4; lastKnownFileType = sourcecode.c.h; path = DemoPlayerViewController.h; sourceTree = "<group>"; };
		D7CE837022E0B69800C79576 /* StatusViewController.m */ = {isa = PBXFileReference; fileEncoding = 4; lastKnownFileType = sourcecode.c.objc; path = StatusViewController.m; sourceTree = "<group>"; };
		D7CE837122E0B69800C79576 /* StatusViewController.h */ = {isa = PBXFileReference; fileEncoding = 4; lastKnownFileType = sourcecode.c.h; path = StatusViewController.h; sourceTree = "<group>"; };
		D7CE837322E0B85600C79576 /* Settings.png */ = {isa = PBXFileReference; lastKnownFileType = image.png; path = Settings.png; sourceTree = "<group>"; };
		D7CE837422E0B85600C79576 /* Settings@2x.png */ = {isa = PBXFileReference; lastKnownFileType = image.png; path = "Settings@2x.png"; sourceTree = "<group>"; };
		D7CE837522E0B85600C79576 /* Settings@3x.png */ = {isa = PBXFileReference; lastKnownFileType = image.png; path = "Settings@3x.png"; sourceTree = "<group>"; };
/* End PBXFileReference section */

/* Begin PBXFrameworksBuildPhase section */
		D7CE834C22E0B4E000C79576 /* Frameworks */ = {
			isa = PBXFrameworksBuildPhase;
			buildActionMask = 2147483647;
			files = (
				4D93B36F2538CD5A004F08DA /* VirtuosoClientDownloadEngine.xcframework in Frameworks */,
			);
			runOnlyForDeploymentPostprocessing = 0;
		};
/* End PBXFrameworksBuildPhase section */

/* Begin PBXGroup section */
		D7CE834622E0B4E000C79576 = {
			isa = PBXGroup;
			children = (
				D7CE835122E0B4E000C79576 /* Example1.3 */,
				D7CE835022E0B4E000C79576 /* Products */,
			);
			sourceTree = "<group>";
		};
		D7CE835022E0B4E000C79576 /* Products */ = {
			isa = PBXGroup;
			children = (
				D7CE834F22E0B4E000C79576 /* Example1.3.app */,
			);
			name = Products;
			sourceTree = "<group>";
		};
		D7CE835122E0B4E000C79576 /* Example1.3 */ = {
			isa = PBXGroup;
			children = (
				4D93B36D2538CD50004F08DA /* VirtuosoClientDownloadEngine.xcframework */,
				D7CE835222E0B4E000C79576 /* AppDelegate.h */,
				D7CE835322E0B4E000C79576 /* AppDelegate.m */,
				D7CE835B22E0B4E000C79576 /* Assets.xcassets */,
				D7CE836E22E0B56300C79576 /* DemoPlayerViewController.h */,
				D7CE836D22E0B56300C79576 /* DemoPlayerViewController.m */,
				D7CE836022E0B4E000C79576 /* Info.plist */,
				D7CE835D22E0B4E000C79576 /* LaunchScreen.storyboard */,
				D7CE836122E0B4E000C79576 /* main.m */,
				D7CE835822E0B4E000C79576 /* Main.storyboard */,
				D7CE837322E0B85600C79576 /* Settings.png */,
				D7CE837422E0B85600C79576 /* Settings@2x.png */,
				D7CE837522E0B85600C79576 /* Settings@3x.png */,
				D7CE837122E0B69800C79576 /* StatusViewController.h */,
				D7CE837022E0B69800C79576 /* StatusViewController.m */,
				D7CE835522E0B4E000C79576 /* ViewController.h */,
				D7CE835622E0B4E000C79576 /* ViewController.m */,
			);
			path = Example1.3;
			sourceTree = "<group>";
		};
/* End PBXGroup section */

/* Begin PBXNativeTarget section */
		D7CE834E22E0B4E000C79576 /* Example1.3 */ = {
			isa = PBXNativeTarget;
			buildConfigurationList = D7CE836522E0B4E000C79576 /* Build configuration list for PBXNativeTarget "Example1.3" */;
			buildPhases = (
				D7CE834B22E0B4E000C79576 /* Sources */,
				D7CE834C22E0B4E000C79576 /* Frameworks */,
				D7CE834D22E0B4E000C79576 /* Resources */,
				D7CE836C22E0B52F00C79576 /* Embed Frameworks */,
			);
			buildRules = (
			);
			dependencies = (
			);
			name = Example1.3;
			productName = Example1.3;
			productReference = D7CE834F22E0B4E000C79576 /* Example1.3.app */;
			productType = "com.apple.product-type.application";
		};
/* End PBXNativeTarget section */

/* Begin PBXProject section */
		D7CE834722E0B4E000C79576 /* Project object */ = {
			isa = PBXProject;
			attributes = {
				LastUpgradeCheck = 1330;
				ORGANIZATIONNAME = Penthera;
				TargetAttributes = {
					D7CE834E22E0B4E000C79576 = {
						CreatedOnToolsVersion = 10.2.1;
					};
				};
			};
			buildConfigurationList = D7CE834A22E0B4E000C79576 /* Build configuration list for PBXProject "Example1.3" */;
			compatibilityVersion = "Xcode 9.3";
			developmentRegion = en;
			hasScannedForEncodings = 0;
			knownRegions = (
				en,
				Base,
			);
			mainGroup = D7CE834622E0B4E000C79576;
			productRefGroup = D7CE835022E0B4E000C79576 /* Products */;
			projectDirPath = "";
			projectRoot = "";
			targets = (
				D7CE834E22E0B4E000C79576 /* Example1.3 */,
			);
		};
/* End PBXProject section */

/* Begin PBXResourcesBuildPhase section */
		D7CE834D22E0B4E000C79576 /* Resources */ = {
			isa = PBXResourcesBuildPhase;
			buildActionMask = 2147483647;
			files = (
				D7CE837622E0B85600C79576 /* Settings.png in Resources */,
				D7CE835F22E0B4E000C79576 /* LaunchScreen.storyboard in Resources */,
				D7CE837722E0B85600C79576 /* Settings@2x.png in Resources */,
				D7CE835C22E0B4E000C79576 /* Assets.xcassets in Resources */,
				D7CE837822E0B85600C79576 /* Settings@3x.png in Resources */,
				D7CE835A22E0B4E000C79576 /* Main.storyboard in Resources */,
			);
			runOnlyForDeploymentPostprocessing = 0;
		};
/* End PBXResourcesBuildPhase section */

/* Begin PBXSourcesBuildPhase section */
		D7CE834B22E0B4E000C79576 /* Sources */ = {
			isa = PBXSourcesBuildPhase;
			buildActionMask = 2147483647;
			files = (
				D7CE835722E0B4E000C79576 /* ViewController.m in Sources */,
				D7CE836222E0B4E000C79576 /* main.m in Sources */,
				D7CE836F22E0B56300C79576 /* DemoPlayerViewController.m in Sources */,
				D7CE835422E0B4E000C79576 /* AppDelegate.m in Sources */,
				D7CE837222E0B69800C79576 /* StatusViewController.m in Sources */,
			);
			runOnlyForDeploymentPostprocessing = 0;
		};
/* End PBXSourcesBuildPhase section */

/* Begin PBXVariantGroup section */
		D7CE835822E0B4E000C79576 /* Main.storyboard */ = {
			isa = PBXVariantGroup;
			children = (
				D7CE835922E0B4E000C79576 /* Base */,
			);
			name = Main.storyboard;
			sourceTree = "<group>";
		};
		D7CE835D22E0B4E000C79576 /* LaunchScreen.storyboard */ = {
			isa = PBXVariantGroup;
			children = (
				D7CE835E22E0B4E000C79576 /* Base */,
			);
			name = LaunchScreen.storyboard;
			sourceTree = "<group>";
		};
/* End PBXVariantGroup section */

/* Begin XCBuildConfiguration section */
		D7CE836322E0B4E000C79576 /* Debug */ = {
			isa = XCBuildConfiguration;
			buildSettings = {
				ALWAYS_SEARCH_USER_PATHS = NO;
				CLANG_ANALYZER_NONNULL = YES;
				CLANG_ANALYZER_NUMBER_OBJECT_CONVERSION = YES_AGGRESSIVE;
				CLANG_CXX_LANGUAGE_STANDARD = "gnu++14";
				CLANG_CXX_LIBRARY = "libc++";
				CLANG_ENABLE_MODULES = YES;
				CLANG_ENABLE_OBJC_ARC = YES;
				CLANG_ENABLE_OBJC_WEAK = YES;
				CLANG_WARN_BLOCK_CAPTURE_AUTORELEASING = YES;
				CLANG_WARN_BOOL_CONVERSION = YES;
				CLANG_WARN_COMMA = YES;
				CLANG_WARN_CONSTANT_CONVERSION = YES;
				CLANG_WARN_DEPRECATED_OBJC_IMPLEMENTATIONS = YES;
				CLANG_WARN_DIRECT_OBJC_ISA_USAGE = YES_ERROR;
				CLANG_WARN_DOCUMENTATION_COMMENTS = YES;
				CLANG_WARN_EMPTY_BODY = YES;
				CLANG_WARN_ENUM_CONVERSION = YES;
				CLANG_WARN_INFINITE_RECURSION = YES;
				CLANG_WARN_INT_CONVERSION = YES;
				CLANG_WARN_NON_LITERAL_NULL_CONVERSION = YES;
				CLANG_WARN_OBJC_IMPLICIT_RETAIN_SELF = YES;
				CLANG_WARN_OBJC_LITERAL_CONVERSION = YES;
				CLANG_WARN_OBJC_ROOT_CLASS = YES_ERROR;
				CLANG_WARN_RANGE_LOOP_ANALYSIS = YES;
				CLANG_WARN_STRICT_PROTOTYPES = YES;
				CLANG_WARN_SUSPICIOUS_MOVE = YES;
				CLANG_WARN_UNGUARDED_AVAILABILITY = YES_AGGRESSIVE;
				CLANG_WARN_UNREACHABLE_CODE = YES;
				CLANG_WARN__DUPLICATE_METHOD_MATCH = YES;
				CODE_SIGN_IDENTITY = "iPhone Developer";
				COPY_PHASE_STRIP = NO;
				DEBUG_INFORMATION_FORMAT = dwarf;
				ENABLE_STRICT_OBJC_MSGSEND = YES;
				ENABLE_TESTABILITY = YES;
				GCC_C_LANGUAGE_STANDARD = gnu11;
				GCC_DYNAMIC_NO_PIC = NO;
				GCC_NO_COMMON_BLOCKS = YES;
				GCC_OPTIMIZATION_LEVEL = 0;
				GCC_PREPROCESSOR_DEFINITIONS = (
					"DEBUG=1",
					"$(inherited)",
				);
				GCC_WARN_64_TO_32_BIT_CONVERSION = YES;
				GCC_WARN_ABOUT_RETURN_TYPE = YES_ERROR;
				GCC_WARN_UNDECLARED_SELECTOR = YES;
				GCC_WARN_UNINITIALIZED_AUTOS = YES_AGGRESSIVE;
				GCC_WARN_UNUSED_FUNCTION = YES;
				GCC_WARN_UNUSED_VARIABLE = YES;
				IPHONEOS_DEPLOYMENT_TARGET = 12.2;
				MTL_ENABLE_DEBUG_INFO = INCLUDE_SOURCE;
				MTL_FAST_MATH = YES;
				ONLY_ACTIVE_ARCH = YES;
				SDKROOT = iphoneos;
			};
			name = Debug;
		};
		D7CE836422E0B4E000C79576 /* Release */ = {
			isa = XCBuildConfiguration;
			buildSettings = {
				ALWAYS_SEARCH_USER_PATHS = NO;
				CLANG_ANALYZER_NONNULL = YES;
				CLANG_ANALYZER_NUMBER_OBJECT_CONVERSION = YES_AGGRESSIVE;
				CLANG_CXX_LANGUAGE_STANDARD = "gnu++14";
				CLANG_CXX_LIBRARY = "libc++";
				CLANG_ENABLE_MODULES = YES;
				CLANG_ENABLE_OBJC_ARC = YES;
				CLANG_ENABLE_OBJC_WEAK = YES;
				CLANG_WARN_BLOCK_CAPTURE_AUTORELEASING = YES;
				CLANG_WARN_BOOL_CONVERSION = YES;
				CLANG_WARN_COMMA = YES;
				CLANG_WARN_CONSTANT_CONVERSION = YES;
				CLANG_WARN_DEPRECATED_OBJC_IMPLEMENTATIONS = YES;
				CLANG_WARN_DIRECT_OBJC_ISA_USAGE = YES_ERROR;
				CLANG_WARN_DOCUMENTATION_COMMENTS = YES;
				CLANG_WARN_EMPTY_BODY = YES;
				CLANG_WARN_ENUM_CONVERSION = YES;
				CLANG_WARN_INFINITE_RECURSION = YES;
				CLANG_WARN_INT_CONVERSION = YES;
				CLANG_WARN_NON_LITERAL_NULL_CONVERSION = YES;
				CLANG_WARN_OBJC_IMPLICIT_RETAIN_SELF = YES;
				CLANG_WARN_OBJC_LITERAL_CONVERSION = YES;
				CLANG_WARN_OBJC_ROOT_CLASS = YES_ERROR;
				CLANG_WARN_RANGE_LOOP_ANALYSIS = YES;
				CLANG_WARN_STRICT_PROTOTYPES = YES;
				CLANG_WARN_SUSPICIOUS_MOVE = YES;
				CLANG_WARN_UNGUARDED_AVAILABILITY = YES_AGGRESSIVE;
				CLANG_WARN_UNREACHABLE_CODE = YES;
				CLANG_WARN__DUPLICATE_METHOD_MATCH = YES;
				CODE_SIGN_IDENTITY = "iPhone Developer";
				COPY_PHASE_STRIP = NO;
				DEBUG_INFORMATION_FORMAT = "dwarf-with-dsym";
				ENABLE_NS_ASSERTIONS = NO;
				ENABLE_STRICT_OBJC_MSGSEND = YES;
				GCC_C_LANGUAGE_STANDARD = gnu11;
				GCC_NO_COMMON_BLOCKS = YES;
				GCC_WARN_64_TO_32_BIT_CONVERSION = YES;
				GCC_WARN_ABOUT_RETURN_TYPE = YES_ERROR;
				GCC_WARN_UNDECLARED_SELECTOR = YES;
				GCC_WARN_UNINITIALIZED_AUTOS = YES_AGGRESSIVE;
				GCC_WARN_UNUSED_FUNCTION = YES;
				GCC_WARN_UNUSED_VARIABLE = YES;
				IPHONEOS_DEPLOYMENT_TARGET = 12.2;
				MTL_ENABLE_DEBUG_INFO = NO;
				MTL_FAST_MATH = YES;
				SDKROOT = iphoneos;
				VALIDATE_PRODUCT = YES;
			};
			name = Release;
		};
		D7CE836622E0B4E000C79576 /* Debug */ = {
			isa = XCBuildConfiguration;
			buildSettings = {
				ASSETCATALOG_COMPILER_APPICON_NAME = AppIcon;
				CODE_SIGN_STYLE = Automatic;
				DEVELOPMENT_TEAM = L5M4866SC8;
				FRAMEWORK_SEARCH_PATHS = "";
				INFOPLIST_FILE = Example1.3/Info.plist;
				IPHONEOS_DEPLOYMENT_TARGET = 9.3;
				LD_RUNPATH_SEARCH_PATHS = (
					"$(inherited)",
					"@executable_path/Frameworks",
				);
				PRODUCT_BUNDLE_IDENTIFIER = "com.penthera.Example1-3-objc";
				PRODUCT_NAME = "$(TARGET_NAME)";
				TARGETED_DEVICE_FAMILY = "1,2";
			};
			name = Debug;
		};
		D7CE836722E0B4E000C79576 /* Release */ = {
			isa = XCBuildConfiguration;
			buildSettings = {
				ASSETCATALOG_COMPILER_APPICON_NAME = AppIcon;
				CODE_SIGN_STYLE = Automatic;
				DEVELOPMENT_TEAM = L5M4866SC8;
				FRAMEWORK_SEARCH_PATHS = "";
				INFOPLIST_FILE = Example1.3/Info.plist;
				IPHONEOS_DEPLOYMENT_TARGET = 9.3;
				LD_RUNPATH_SEARCH_PATHS = (
					"$(inherited)",
					"@executable_path/Frameworks",
				);
				PRODUCT_BUNDLE_IDENTIFIER = "com.penthera.Example1-3-objc";
				PRODUCT_NAME = "$(TARGET_NAME)";
				TARGETED_DEVICE_FAMILY = "1,2";
			};
			name = Release;
		};
/* End XCBuildConfiguration section */

/* Begin XCConfigurationList section */
		D7CE834A22E0B4E000C79576 /* Build configuration list for PBXProject "Example1.3" */ = {
			isa = XCConfigurationList;
			buildConfigurations = (
				D7CE836322E0B4E000C79576 /* Debug */,
				D7CE836422E0B4E000C79576 /* Release */,
			);
			defaultConfigurationIsVisible = 0;
			defaultConfigurationName = Release;
		};
		D7CE836522E0B4E000C79576 /* Build configuration list for PBXNativeTarget "Example1.3" */ = {
			isa = XCConfigurationList;
			buildConfigurations = (
				D7CE836622E0B4E000C79576 /* Debug */,
				D7CE836722E0B4E000C79576 /* Release */,
			);
			defaultConfigurationIsVisible = 0;
			defaultConfigurationName = Release;
		};
/* End XCConfigurationList section */
	};
	rootObject = D7CE834722E0B4E000C79576 /* Project object */;
}
