{
  "object": {
    "pins": [
      {
        "package": "VirtuosoClientDownloadEngine",
        "repositoryURL": "https://github.com/penthera/Download2Go-ios",
        "state": {
          "branch": "master",
          "revision": "000a755398f5e413550382b1076bfe7717a21b64",
          "version": null
        }
      }
    ]
  },
  "version": 1
}
