{
  "pins" : [
    {
      "identity" : "download2go-ios",
      "kind" : "remoteSourceControl",
      "location" : "https://github.com/penthera/Download2Go-ios",
      "state" : {
        "branch" : "master",
        "revision" : "ab8d1f9618a1daf94f4a3638c8d6bbfdbb905315"
      }
    }
  ],
  "version" : 2
}
