// !$*UTF8*$!
{
	archiveVersion = 1;
	classes = {
	};
	objectVersion = 52;
	objects = {

/* Begin PBXBuildFile section */
		4D93B3C32538D726004F08DA /* VirtuosoClientDownloadEngine.xcframework in Frameworks */ = {isa = PBXBuildFile; fileRef = 4D93B3C12538D71E004F08DA /* VirtuosoClientDownloadEngine.xcframework */; };
		4D93B3C42538D726004F08DA /* VirtuosoClientDownloadEngine.xcframework in Embed Frameworks */ = {isa = PBXBuildFile; fileRef = 4D93B3C12538D71E004F08DA /* VirtuosoClientDownloadEngine.xcframework */; settings = {ATTRIBUTES = (CodeSignOnCopy, RemoveHeadersOnCopy, ); }; };
		D78A846024BC897800C0F67C /* AppDelegate.swift in Sources */ = {isa = PBXBuildFile; fileRef = D78A845F24BC897800C0F67C /* AppDelegate.swift */; };
		D78A846424BC897800C0F67C /* ViewController.swift in Sources */ = {isa = PBXBuildFile; fileRef = D78A846324BC897800C0F67C /* ViewController.swift */; };
		D78A846724BC897800C0F67C /* Main.storyboard in Resources */ = {isa = PBXBuildFile; fileRef = D78A846524BC897800C0F67C /* Main.storyboard */; };
		D78A846924BC897900C0F67C /* Assets.xcassets in Resources */ = {isa = PBXBuildFile; fileRef = D78A846824BC897900C0F67C /* Assets.xcassets */; };
		D78A846C24BC897900C0F67C /* LaunchScreen.storyboard in Resources */ = {isa = PBXBuildFile; fileRef = D78A846A24BC897900C0F67C /* LaunchScreen.storyboard */; };
		D78A847E24BC8C3300C0F67C /* DemoPlayerViewController.swift in Sources */ = {isa = PBXBuildFile; fileRef = D78A847D24BC8C3300C0F67C /* DemoPlayerViewController.swift */; };
		D78A848224BC8D5F00C0F67C /* PlaylistDelegateProvider.swift in Sources */ = {isa = PBXBuildFile; fileRef = D78A847F24BC8D5F00C0F67C /* PlaylistDelegateProvider.swift */; };
		D78A848324BC8D5F00C0F67C /* PlaylistViewController.swift in Sources */ = {isa = PBXBuildFile; fileRef = D78A848024BC8D5F00C0F67C /* PlaylistViewController.swift */; };
		D78A848424BC8D5F00C0F67C /* PlaylistSelectionController.swift in Sources */ = {isa = PBXBuildFile; fileRef = D78A848124BC8D5F00C0F67C /* PlaylistSelectionController.swift */; };
		D78A848624BC8EDF00C0F67C /* WakeDelegate.swift in Sources */ = {isa = PBXBuildFile; fileRef = D78A848524BC8EDF00C0F67C /* WakeDelegate.swift */; };
		D78A848A24BC954700C0F67C /* README.md in Resources */ = {isa = PBXBuildFile; fileRef = D78A848924BC954700C0F67C /* README.md */; };
/* End PBXBuildFile section */

/* Begin PBXCopyFilesBuildPhase section */
		D78A847A24BC8AC200C0F67C /* Embed Frameworks */ = {
			isa = PBXCopyFilesBuildPhase;
			buildActionMask = 2147483647;
			dstPath = "";
			dstSubfolderSpec = 10;
			files = (
				4D93B3C42538D726004F08DA /* VirtuosoClientDownloadEngine.xcframework in Embed Frameworks */,
			);
			name = "Embed Frameworks";
			runOnlyForDeploymentPostprocessing = 0;
		};
/* End PBXCopyFilesBuildPhase section */

/* Begin PBXFileReference section */
		4D93B3C12538D71E004F08DA /* VirtuosoClientDownloadEngine.xcframework */ = {isa = PBXFileReference; lastKnownFileType = wrapper.xcframework; name = VirtuosoClientDownloadEngine.xcframework; path = ../../../../VirtuosoClientEngine/VirtuosoClientDownloadEngine/Release/VirtuosoClientDownloadEngine.xcframework; sourceTree = "<group>"; };
		4DAAB58F25268EF800034A80 /* Example14-Bridging-Header.h */ = {isa = PBXFileReference; lastKnownFileType = sourcecode.c.h; path = "Example14-Bridging-Header.h"; sourceTree = "<group>"; };
		D78A845C24BC897800C0F67C /* Example14.app */ = {isa = PBXFileReference; explicitFileType = wrapper.application; includeInIndex = 0; path = Example14.app; sourceTree = BUILT_PRODUCTS_DIR; };
		D78A845F24BC897800C0F67C /* AppDelegate.swift */ = {isa = PBXFileReference; lastKnownFileType = sourcecode.swift; path = AppDelegate.swift; sourceTree = "<group>"; };
		D78A846324BC897800C0F67C /* ViewController.swift */ = {isa = PBXFileReference; lastKnownFileType = sourcecode.swift; path = ViewController.swift; sourceTree = "<group>"; };
		D78A846624BC897800C0F67C /* Base */ = {isa = PBXFileReference; lastKnownFileType = file.storyboard; name = Base; path = Base.lproj/Main.storyboard; sourceTree = "<group>"; };
		D78A846824BC897900C0F67C /* Assets.xcassets */ = {isa = PBXFileReference; lastKnownFileType = folder.assetcatalog; path = Assets.xcassets; sourceTree = "<group>"; };
		D78A846B24BC897900C0F67C /* Base */ = {isa = PBXFileReference; lastKnownFileType = file.storyboard; name = Base; path = Base.lproj/LaunchScreen.storyboard; sourceTree = "<group>"; };
		D78A846D24BC897900C0F67C /* Info.plist */ = {isa = PBXFileReference; lastKnownFileType = text.plist.xml; path = Info.plist; sourceTree = "<group>"; };
		D78A847D24BC8C3300C0F67C /* DemoPlayerViewController.swift */ = {isa = PBXFileReference; fileEncoding = 4; lastKnownFileType = sourcecode.swift; path = DemoPlayerViewController.swift; sourceTree = "<group>"; };
		D78A847F24BC8D5F00C0F67C /* PlaylistDelegateProvider.swift */ = {isa = PBXFileReference; fileEncoding = 4; lastKnownFileType = sourcecode.swift; path = PlaylistDelegateProvider.swift; sourceTree = "<group>"; };
		D78A848024BC8D5F00C0F67C /* PlaylistViewController.swift */ = {isa = PBXFileReference; fileEncoding = 4; lastKnownFileType = sourcecode.swift; path = PlaylistViewController.swift; sourceTree = "<group>"; };
		D78A848124BC8D5F00C0F67C /* PlaylistSelectionController.swift */ = {isa = PBXFileReference; fileEncoding = 4; lastKnownFileType = sourcecode.swift; path = PlaylistSelectionController.swift; sourceTree = "<group>"; };
		D78A848524BC8EDF00C0F67C /* WakeDelegate.swift */ = {isa = PBXFileReference; lastKnownFileType = sourcecode.swift; path = WakeDelegate.swift; sourceTree = "<group>"; };
		D78A848924BC954700C0F67C /* README.md */ = {isa = PBXFileReference; fileEncoding = 4; lastKnownFileType = net.daringfireball.markdown; path = README.md; sourceTree = "<group>"; };
/* End PBXFileReference section */

/* Begin PBXFrameworksBuildPhase section */
		D78A845924BC897800C0F67C /* Frameworks */ = {
			isa = PBXFrameworksBuildPhase;
			buildActionMask = 2147483647;
			files = (
				4D93B3C32538D726004F08DA /* VirtuosoClientDownloadEngine.xcframework in Frameworks */,
			);
			runOnlyForDeploymentPostprocessing = 0;
		};
/* End PBXFrameworksBuildPhase section */

/* Begin PBXGroup section */
		D78A845324BC897800C0F67C = {
			isa = PBXGroup;
			children = (
				D78A848924BC954700C0F67C /* README.md */,
				D78A845E24BC897800C0F67C /* Example14 */,
				D78A845D24BC897800C0F67C /* Products */,
			);
			sourceTree = "<group>";
		};
		D78A845D24BC897800C0F67C /* Products */ = {
			isa = PBXGroup;
			children = (
				D78A845C24BC897800C0F67C /* Example14.app */,
			);
			name = Products;
			sourceTree = "<group>";
		};
		D78A845E24BC897800C0F67C /* Example14 */ = {
			isa = PBXGroup;
			children = (
				4D93B3C12538D71E004F08DA /* VirtuosoClientDownloadEngine.xcframework */,
				D78A847C24BC8C3300C0F67C /* Player */,
				D78A845F24BC897800C0F67C /* AppDelegate.swift */,
				4DAAB58F25268EF800034A80 /* Example14-Bridging-Header.h */,
				D78A848524BC8EDF00C0F67C /* WakeDelegate.swift */,
				D78A846324BC897800C0F67C /* ViewController.swift */,
				D78A847F24BC8D5F00C0F67C /* PlaylistDelegateProvider.swift */,
				D78A848124BC8D5F00C0F67C /* PlaylistSelectionController.swift */,
				D78A848024BC8D5F00C0F67C /* PlaylistViewController.swift */,
				D78A846524BC897800C0F67C /* Main.storyboard */,
				D78A846824BC897900C0F67C /* Assets.xcassets */,
				D78A846A24BC897900C0F67C /* LaunchScreen.storyboard */,
				D78A846D24BC897900C0F67C /* Info.plist */,
			);
			path = Example14;
			sourceTree = "<group>";
		};
		D78A847C24BC8C3300C0F67C /* Player */ = {
			isa = PBXGroup;
			children = (
				D78A847D24BC8C3300C0F67C /* DemoPlayerViewController.swift */,
			);
			path = Player;
			sourceTree = "<group>";
		};
/* End PBXGroup section */

/* Begin PBXNativeTarget section */
		D78A845B24BC897800C0F67C /* Example14 */ = {
			isa = PBXNativeTarget;
			buildConfigurationList = D78A847024BC897900C0F67C /* Build configuration list for PBXNativeTarget "Example14" */;
			buildPhases = (
				D78A845824BC897800C0F67C /* Sources */,
				D78A845924BC897800C0F67C /* Frameworks */,
				D78A845A24BC897800C0F67C /* Resources */,
				D78A847A24BC8AC200C0F67C /* Embed Frameworks */,
			);
			buildRules = (
			);
			dependencies = (
			);
			name = Example14;
			productName = Example14;
			productReference = D78A845C24BC897800C0F67C /* Example14.app */;
			productType = "com.apple.product-type.application";
		};
/* End PBXNativeTarget section */

/* Begin PBXProject section */
		D78A845424BC897800C0F67C /* Project object */ = {
			isa = PBXProject;
			attributes = {
				LastSwiftUpdateCheck = 1150;
				LastUpgradeCheck = 1150;
				ORGANIZATIONNAME = Penthera;
				TargetAttributes = {
					D78A845B24BC897800C0F67C = {
						CreatedOnToolsVersion = 11.5;
					};
				};
			};
			buildConfigurationList = D78A845724BC897800C0F67C /* Build configuration list for PBXProject "Example14" */;
			compatibilityVersion = "Xcode 9.3";
			developmentRegion = en;
			hasScannedForEncodings = 0;
			knownRegions = (
				en,
				Base,
			);
			mainGroup = D78A845324BC897800C0F67C;
			productRefGroup = D78A845D24BC897800C0F67C /* Products */;
			projectDirPath = "";
			projectRoot = "";
			targets = (
				D78A845B24BC897800C0F67C /* Example14 */,
			);
		};
/* End PBXProject section */

/* Begin PBXResourcesBuildPhase section */
		D78A845A24BC897800C0F67C /* Resources */ = {
			isa = PBXResourcesBuildPhase;
			buildActionMask = 2147483647;
			files = (
				D78A846C24BC897900C0F67C /* LaunchScreen.storyboard in Resources */,
				D78A846924BC897900C0F67C /* Assets.xcassets in Resources */,
				D78A848A24BC954700C0F67C /* README.md in Resources */,
				D78A846724BC897800C0F67C /* Main.storyboard in Resources */,
			);
			runOnlyForDeploymentPostprocessing = 0;
		};
/* End PBXResourcesBuildPhase section */

/* Begin PBXSourcesBuildPhase section */
		D78A845824BC897800C0F67C /* Sources */ = {
			isa = PBXSourcesBuildPhase;
			buildActionMask = 2147483647;
			files = (
				D78A848624BC8EDF00C0F67C /* WakeDelegate.swift in Sources */,
				D78A847E24BC8C3300C0F67C /* DemoPlayerViewController.swift in Sources */,
				D78A848324BC8D5F00C0F67C /* PlaylistViewController.swift in Sources */,
				D78A848224BC8D5F00C0F67C /* PlaylistDelegateProvider.swift in Sources */,
				D78A846424BC897800C0F67C /* ViewController.swift in Sources */,
				D78A848424BC8D5F00C0F67C /* PlaylistSelectionController.swift in Sources */,
				D78A846024BC897800C0F67C /* AppDelegate.swift in Sources */,
			);
			runOnlyForDeploymentPostprocessing = 0;
		};
/* End PBXSourcesBuildPhase section */

/* Begin PBXVariantGroup section */
		D78A846524BC897800C0F67C /* Main.storyboard */ = {
			isa = PBXVariantGroup;
			children = (
				D78A846624BC897800C0F67C /* Base */,
			);
			name = Main.storyboard;
			sourceTree = "<group>";
		};
		D78A846A24BC897900C0F67C /* LaunchScreen.storyboard */ = {
			isa = PBXVariantGroup;
			children = (
				D78A846B24BC897900C0F67C /* Base */,
			);
			name = LaunchScreen.storyboard;
			sourceTree = "<group>";
		};
/* End PBXVariantGroup section */

/* Begin XCBuildConfiguration section */
		D78A846E24BC897900C0F67C /* Debug */ = {
			isa = XCBuildConfiguration;
			buildSettings = {
				ALWAYS_SEARCH_USER_PATHS = NO;
				CLANG_ANALYZER_NONNULL = YES;
				CLANG_ANALYZER_NUMBER_OBJECT_CONVERSION = YES_AGGRESSIVE;
				CLANG_CXX_LANGUAGE_STANDARD = "gnu++14";
				CLANG_CXX_LIBRARY = "libc++";
				CLANG_ENABLE_MODULES = YES;
				CLANG_ENABLE_OBJC_ARC = YES;
				CLANG_ENABLE_OBJC_WEAK = YES;
				CLANG_WARN_BLOCK_CAPTURE_AUTORELEASING = YES;
				CLANG_WARN_BOOL_CONVERSION = YES;
				CLANG_WARN_COMMA = YES;
				CLANG_WARN_CONSTANT_CONVERSION = YES;
				CLANG_WARN_DEPRECATED_OBJC_IMPLEMENTATIONS = YES;
				CLANG_WARN_DIRECT_OBJC_ISA_USAGE = YES_ERROR;
				CLANG_WARN_DOCUMENTATION_COMMENTS = YES;
				CLANG_WARN_EMPTY_BODY = YES;
				CLANG_WARN_ENUM_CONVERSION = YES;
				CLANG_WARN_INFINITE_RECURSION = YES;
				CLANG_WARN_INT_CONVERSION = YES;
				CLANG_WARN_NON_LITERAL_NULL_CONVERSION = YES;
				CLANG_WARN_OBJC_IMPLICIT_RETAIN_SELF = YES;
				CLANG_WARN_OBJC_LITERAL_CONVERSION = YES;
				CLANG_WARN_OBJC_ROOT_CLASS = YES_ERROR;
				CLANG_WARN_RANGE_LOOP_ANALYSIS = YES;
				CLANG_WARN_STRICT_PROTOTYPES = YES;
				CLANG_WARN_SUSPICIOUS_MOVE = YES;
				CLANG_WARN_UNGUARDED_AVAILABILITY = YES_AGGRESSIVE;
				CLANG_WARN_UNREACHABLE_CODE = YES;
				CLANG_WARN__DUPLICATE_METHOD_MATCH = YES;
				COPY_PHASE_STRIP = NO;
				DEBUG_INFORMATION_FORMAT = dwarf;
				ENABLE_STRICT_OBJC_MSGSEND = YES;
				ENABLE_TESTABILITY = YES;
				GCC_C_LANGUAGE_STANDARD = gnu11;
				GCC_DYNAMIC_NO_PIC = NO;
				GCC_NO_COMMON_BLOCKS = YES;
				GCC_OPTIMIZATION_LEVEL = 0;
				GCC_PREPROCESSOR_DEFINITIONS = (
					"DEBUG=1",
					"$(inherited)",
				);
				GCC_WARN_64_TO_32_BIT_CONVERSION = YES;
				GCC_WARN_ABOUT_RETURN_TYPE = YES_ERROR;
				GCC_WARN_UNDECLARED_SELECTOR = YES;
				GCC_WARN_UNINITIALIZED_AUTOS = YES_AGGRESSIVE;
				GCC_WARN_UNUSED_FUNCTION = YES;
				GCC_WARN_UNUSED_VARIABLE = YES;
				IPHONEOS_DEPLOYMENT_TARGET = 13.5;
				MTL_ENABLE_DEBUG_INFO = INCLUDE_SOURCE;
				MTL_FAST_MATH = YES;
				ONLY_ACTIVE_ARCH = YES;
				SDKROOT = iphoneos;
				SWIFT_ACTIVE_COMPILATION_CONDITIONS = DEBUG;
				SWIFT_OPTIMIZATION_LEVEL = "-Onone";
			};
			name = Debug;
		};
		D78A846F24BC897900C0F67C /* Release */ = {
			isa = XCBuildConfiguration;
			buildSettings = {
				ALWAYS_SEARCH_USER_PATHS = NO;
				CLANG_ANALYZER_NONNULL = YES;
				CLANG_ANALYZER_NUMBER_OBJECT_CONVERSION = YES_AGGRESSIVE;
				CLANG_CXX_LANGUAGE_STANDARD = "gnu++14";
				CLANG_CXX_LIBRARY = "libc++";
				CLANG_ENABLE_MODULES = YES;
				CLANG_ENABLE_OBJC_ARC = YES;
				CLANG_ENABLE_OBJC_WEAK = YES;
				CLANG_WARN_BLOCK_CAPTURE_AUTORELEASING = YES;
				CLANG_WARN_BOOL_CONVERSION = YES;
				CLANG_WARN_COMMA = YES;
				CLANG_WARN_CONSTANT_CONVERSION = YES;
				CLANG_WARN_DEPRECATED_OBJC_IMPLEMENTATIONS = YES;
				CLANG_WARN_DIRECT_OBJC_ISA_USAGE = YES_ERROR;
				CLANG_WARN_DOCUMENTATION_COMMENTS = YES;
				CLANG_WARN_EMPTY_BODY = YES;
				CLANG_WARN_ENUM_CONVERSION = YES;
				CLANG_WARN_INFINITE_RECURSION = YES;
				CLANG_WARN_INT_CONVERSION = YES;
				CLANG_WARN_NON_LITERAL_NULL_CONVERSION = YES;
				CLANG_WARN_OBJC_IMPLICIT_RETAIN_SELF = YES;
				CLANG_WARN_OBJC_LITERAL_CONVERSION = YES;
				CLANG_WARN_OBJC_ROOT_CLASS = YES_ERROR;
				CLANG_WARN_RANGE_LOOP_ANALYSIS = YES;
				CLANG_WARN_STRICT_PROTOTYPES = YES;
				CLANG_WARN_SUSPICIOUS_MOVE = YES;
				CLANG_WARN_UNGUARDED_AVAILABILITY = YES_AGGRESSIVE;
				CLANG_WARN_UNREACHABLE_CODE = YES;
				CLANG_WARN__DUPLICATE_METHOD_MATCH = YES;
				COPY_PHASE_STRIP = NO;
				DEBUG_INFORMATION_FORMAT = "dwarf-with-dsym";
				ENABLE_NS_ASSERTIONS = NO;
				ENABLE_STRICT_OBJC_MSGSEND = YES;
				GCC_C_LANGUAGE_STANDARD = gnu11;
				GCC_NO_COMMON_BLOCKS = YES;
				GCC_WARN_64_TO_32_BIT_CONVERSION = YES;
				GCC_WARN_ABOUT_RETURN_TYPE = YES_ERROR;
				GCC_WARN_UNDECLARED_SELECTOR = YES;
				GCC_WARN_UNINITIALIZED_AUTOS = YES_AGGRESSIVE;
				GCC_WARN_UNUSED_FUNCTION = YES;
				GCC_WARN_UNUSED_VARIABLE = YES;
				IPHONEOS_DEPLOYMENT_TARGET = 13.5;
				MTL_ENABLE_DEBUG_INFO = NO;
				MTL_FAST_MATH = YES;
				SDKROOT = iphoneos;
				SWIFT_COMPILATION_MODE = wholemodule;
				SWIFT_OPTIMIZATION_LEVEL = "-O";
				VALIDATE_PRODUCT = YES;
			};
			name = Release;
		};
		D78A847124BC897900C0F67C /* Debug */ = {
			isa = XCBuildConfiguration;
			buildSettings = {
				ASSETCATALOG_COMPILER_APPICON_NAME = AppIcon;
				CODE_SIGN_STYLE = Automatic;
				DEVELOPMENT_TEAM = L5M4866SC8;
				INFOPLIST_FILE = Example14/Info.plist;
				LD_RUNPATH_SEARCH_PATHS = (
					"$(inherited)",
					"@executable_path/Frameworks",
				);
				PRODUCT_BUNDLE_IDENTIFIER = com.penthera.Example14;
				PRODUCT_NAME = "$(TARGET_NAME)";
				SWIFT_OBJC_BRIDGING_HEADER = "Example14/Example14-Bridging-Header.h";
				SWIFT_VERSION = 5.0;
				TARGETED_DEVICE_FAMILY = "1,2";
			};
			name = Debug;
		};
		D78A847224BC897900C0F67C /* Release */ = {
			isa = XCBuildConfiguration;
			buildSettings = {
				ASSETCATALOG_COMPILER_APPICON_NAME = AppIcon;
				CODE_SIGN_STYLE = Automatic;
				DEVELOPMENT_TEAM = L5M4866SC8;
				INFOPLIST_FILE = Example14/Info.plist;
				LD_RUNPATH_SEARCH_PATHS = (
					"$(inherited)",
					"@executable_path/Frameworks",
				);
				PRODUCT_BUNDLE_IDENTIFIER = com.penthera.Example14;
				PRODUCT_NAME = "$(TARGET_NAME)";
				SWIFT_OBJC_BRIDGING_HEADER = "Example14/Example14-Bridging-Header.h";
				SWIFT_VERSION = 5.0;
				TARGETED_DEVICE_FAMILY = "1,2";
			};
			name = Release;
		};
/* End XCBuildConfiguration section */

/* Begin XCConfigurationList section */
		D78A845724BC897800C0F67C /* Build configuration list for PBXProject "Example14" */ = {
			isa = XCConfigurationList;
			buildConfigurations = (
				D78A846E24BC897900C0F67C /* Debug */,
				D78A846F24BC897900C0F67C /* Release */,
			);
			defaultConfigurationIsVisible = 0;
			defaultConfigurationName = Release;
		};
		D78A847024BC897900C0F67C /* Build configuration list for PBXNativeTarget "Example14" */ = {
			isa = XCConfigurationList;
			buildConfigurations = (
				D78A847124BC897900C0F67C /* Debug */,
				D78A847224BC897900C0F67C /* Release */,
			);
			defaultConfigurationIsVisible = 0;
			defaultConfigurationName = Release;
		};
/* End XCConfigurationList section */
	};
	rootObject = D78A845424BC897800C0F67C /* Project object */;
}
