// !$*UTF8*$!
{
	archiveVersion = 1;
	classes = {
	};
	objectVersion = 52;
	objects = {

/* Begin PBXBuildFile section */
		4D03F75D24CB5E2E00D39154 /* BeaconsViewController.swift in Sources */ = {isa = PBXBuildFile; fileRef = 4D03F75C24CB5E2E00D39154 /* BeaconsViewController.swift */; };
		4D93B3C72538D748004F08DA /* VirtuosoClientDownloadEngine.xcframework in Frameworks */ = {isa = PBXBuildFile; fileRef = 4D93B3C52538D742004F08DA /* VirtuosoClientDownloadEngine.xcframework */; };
		4D93B3C82538D748004F08DA /* VirtuosoClientDownloadEngine.xcframework in Embed Frameworks */ = {isa = PBXBuildFile; fileRef = 4D93B3C52538D742004F08DA /* VirtuosoClientDownloadEngine.xcframework */; settings = {ATTRIBUTES = (CodeSignOnCopy, RemoveHeadersOnCopy, ); }; };
		D704BA4322C4F8E4001EA1AD /* DemoPlayerViewController.swift in Sources */ = {isa = PBXBuildFile; fileRef = D704BA4222C4F8E4001EA1AD /* DemoPlayerViewController.swift */; };
		D722A23422C4F02900737B65 /* AppDelegate.swift in Sources */ = {isa = PBXBuildFile; fileRef = D722A23322C4F02900737B65 /* AppDelegate.swift */; };
		D722A23622C4F02900737B65 /* ViewController.swift in Sources */ = {isa = PBXBuildFile; fileRef = D722A23522C4F02900737B65 /* ViewController.swift */; };
		D722A23922C4F02900737B65 /* Main.storyboard in Resources */ = {isa = PBXBuildFile; fileRef = D722A23722C4F02900737B65 /* Main.storyboard */; };
		D722A23B22C4F02900737B65 /* Assets.xcassets in Resources */ = {isa = PBXBuildFile; fileRef = D722A23A22C4F02900737B65 /* Assets.xcassets */; };
		D722A23E22C4F02900737B65 /* LaunchScreen.storyboard in Resources */ = {isa = PBXBuildFile; fileRef = D722A23C22C4F02900737B65 /* LaunchScreen.storyboard */; };
/* End PBXBuildFile section */

/* Begin PBXCopyFilesBuildPhase section */
		D704BA3622C4F238001EA1AD /* Embed Frameworks */ = {
			isa = PBXCopyFilesBuildPhase;
			buildActionMask = 2147483647;
			dstPath = "";
			dstSubfolderSpec = 10;
			files = (
				4D93B3C82538D748004F08DA /* VirtuosoClientDownloadEngine.xcframework in Embed Frameworks */,
			);
			name = "Embed Frameworks";
			runOnlyForDeploymentPostprocessing = 0;
		};
/* End PBXCopyFilesBuildPhase section */

/* Begin PBXFileReference section */
		4D03F75C24CB5E2E00D39154 /* BeaconsViewController.swift */ = {isa = PBXFileReference; lastKnownFileType = sourcecode.swift; path = BeaconsViewController.swift; sourceTree = "<group>"; };
		4D93B3C52538D742004F08DA /* VirtuosoClientDownloadEngine.xcframework */ = {isa = PBXFileReference; lastKnownFileType = wrapper.xcframework; name = VirtuosoClientDownloadEngine.xcframework; path = ../../../../VirtuosoClientEngine/VirtuosoClientDownloadEngine/Release/VirtuosoClientDownloadEngine.xcframework; sourceTree = "<group>"; };
		4DAAB58E2526849D00034A80 /* Example15-Bridging-Header.h */ = {isa = PBXFileReference; lastKnownFileType = sourcecode.c.h; path = "Example15-Bridging-Header.h"; sourceTree = "<group>"; };
		D704BA4222C4F8E4001EA1AD /* DemoPlayerViewController.swift */ = {isa = PBXFileReference; fileEncoding = 4; lastKnownFileType = sourcecode.swift; path = DemoPlayerViewController.swift; sourceTree = "<group>"; };
		D722A23022C4F02900737B65 /* Example15.app */ = {isa = PBXFileReference; explicitFileType = wrapper.application; includeInIndex = 0; path = Example15.app; sourceTree = BUILT_PRODUCTS_DIR; };
		D722A23322C4F02900737B65 /* AppDelegate.swift */ = {isa = PBXFileReference; lastKnownFileType = sourcecode.swift; path = AppDelegate.swift; sourceTree = "<group>"; };
		D722A23522C4F02900737B65 /* ViewController.swift */ = {isa = PBXFileReference; lastKnownFileType = sourcecode.swift; path = ViewController.swift; sourceTree = "<group>"; };
		D722A23822C4F02900737B65 /* Base */ = {isa = PBXFileReference; lastKnownFileType = file.storyboard; name = Base; path = Base.lproj/Main.storyboard; sourceTree = "<group>"; };
		D722A23A22C4F02900737B65 /* Assets.xcassets */ = {isa = PBXFileReference; lastKnownFileType = folder.assetcatalog; path = Assets.xcassets; sourceTree = "<group>"; };
		D722A23D22C4F02900737B65 /* Base */ = {isa = PBXFileReference; lastKnownFileType = file.storyboard; name = Base; path = Base.lproj/LaunchScreen.storyboard; sourceTree = "<group>"; };
		D722A23F22C4F02900737B65 /* Info.plist */ = {isa = PBXFileReference; lastKnownFileType = text.plist.xml; path = Info.plist; sourceTree = "<group>"; };
/* End PBXFileReference section */

/* Begin PBXFrameworksBuildPhase section */
		D722A22D22C4F02900737B65 /* Frameworks */ = {
			isa = PBXFrameworksBuildPhase;
			buildActionMask = 2147483647;
			files = (
				4D93B3C72538D748004F08DA /* VirtuosoClientDownloadEngine.xcframework in Frameworks */,
			);
			runOnlyForDeploymentPostprocessing = 0;
		};
/* End PBXFrameworksBuildPhase section */

/* Begin PBXGroup section */
		D704BA4122C4F8E4001EA1AD /* Player */ = {
			isa = PBXGroup;
			children = (
				D704BA4222C4F8E4001EA1AD /* DemoPlayerViewController.swift */,
			);
			path = Player;
			sourceTree = "<group>";
		};
		D722A22722C4F02900737B65 = {
			isa = PBXGroup;
			children = (
				D722A23222C4F02900737B65 /* Example15 */,
				D722A23122C4F02900737B65 /* Products */,
			);
			sourceTree = "<group>";
		};
		D722A23122C4F02900737B65 /* Products */ = {
			isa = PBXGroup;
			children = (
				D722A23022C4F02900737B65 /* Example15.app */,
			);
			name = Products;
			sourceTree = "<group>";
		};
		D722A23222C4F02900737B65 /* Example15 */ = {
			isa = PBXGroup;
			children = (
				4D93B3C52538D742004F08DA /* VirtuosoClientDownloadEngine.xcframework */,
				D704BA4122C4F8E4001EA1AD /* Player */,
				D722A23322C4F02900737B65 /* AppDelegate.swift */,
				4D03F75C24CB5E2E00D39154 /* BeaconsViewController.swift */,
				4DAAB58E2526849D00034A80 /* Example15-Bridging-Header.h */,
				D722A23522C4F02900737B65 /* ViewController.swift */,
				D722A23722C4F02900737B65 /* Main.storyboard */,
				D722A23A22C4F02900737B65 /* Assets.xcassets */,
				D722A23C22C4F02900737B65 /* LaunchScreen.storyboard */,
				D722A23F22C4F02900737B65 /* Info.plist */,
			);
			path = Example15;
			sourceTree = "<group>";
		};
/* End PBXGroup section */

/* Begin PBXNativeTarget section */
		D722A22F22C4F02900737B65 /* Example15 */ = {
			isa = PBXNativeTarget;
			buildConfigurationList = D722A24222C4F02900737B65 /* Build configuration list for PBXNativeTarget "Example15" */;
			buildPhases = (
				D722A22C22C4F02900737B65 /* Sources */,
				D722A22D22C4F02900737B65 /* Frameworks */,
				D722A22E22C4F02900737B65 /* Resources */,
				D704BA3622C4F238001EA1AD /* Embed Frameworks */,
			);
			buildRules = (
			);
			dependencies = (
			);
			name = Example15;
			productName = Example15;
			productReference = D722A23022C4F02900737B65 /* Example15.app */;
			productType = "com.apple.product-type.application";
		};
/* End PBXNativeTarget section */

/* Begin PBXProject section */
		D722A22822C4F02900737B65 /* Project object */ = {
			isa = PBXProject;
			attributes = {
				LastSwiftUpdateCheck = 1020;
				LastUpgradeCheck = 1020;
				ORGANIZATIONNAME = Penthera;
				TargetAttributes = {
					D722A22F22C4F02900737B65 = {
						CreatedOnToolsVersion = 10.2.1;
						LastSwiftMigration = 1020;
					};
				};
			};
			buildConfigurationList = D722A22B22C4F02900737B65 /* Build configuration list for PBXProject "Example15" */;
			compatibilityVersion = "Xcode 9.3";
			developmentRegion = en;
			hasScannedForEncodings = 0;
			knownRegions = (
				en,
				Base,
			);
			mainGroup = D722A22722C4F02900737B65;
			productRefGroup = D722A23122C4F02900737B65 /* Products */;
			projectDirPath = "";
			projectRoot = "";
			targets = (
				D722A22F22C4F02900737B65 /* Example15 */,
			);
		};
/* End PBXProject section */

/* Begin PBXResourcesBuildPhase section */
		D722A22E22C4F02900737B65 /* Resources */ = {
			isa = PBXResourcesBuildPhase;
			buildActionMask = 2147483647;
			files = (
				D722A23E22C4F02900737B65 /* LaunchScreen.storyboard in Resources */,
				D722A23B22C4F02900737B65 /* Assets.xcassets in Resources */,
				D722A23922C4F02900737B65 /* Main.storyboard in Resources */,
			);
			runOnlyForDeploymentPostprocessing = 0;
		};
/* End PBXResourcesBuildPhase section */

/* Begin PBXSourcesBuildPhase section */
		D722A22C22C4F02900737B65 /* Sources */ = {
			isa = PBXSourcesBuildPhase;
			buildActionMask = 2147483647;
			files = (
				D704BA4322C4F8E4001EA1AD /* DemoPlayerViewController.swift in Sources */,
				4D03F75D24CB5E2E00D39154 /* BeaconsViewController.swift in Sources */,
				D722A23622C4F02900737B65 /* ViewController.swift in Sources */,
				D722A23422C4F02900737B65 /* AppDelegate.swift in Sources */,
			);
			runOnlyForDeploymentPostprocessing = 0;
		};
/* End PBXSourcesBuildPhase section */

/* Begin PBXVariantGroup section */
		D722A23722C4F02900737B65 /* Main.storyboard */ = {
			isa = PBXVariantGroup;
			children = (
				D722A23822C4F02900737B65 /* Base */,
			);
			name = Main.storyboard;
			sourceTree = "<group>";
		};
		D722A23C22C4F02900737B65 /* LaunchScreen.storyboard */ = {
			isa = PBXVariantGroup;
			children = (
				D722A23D22C4F02900737B65 /* Base */,
			);
			name = LaunchScreen.storyboard;
			sourceTree = "<group>";
		};
/* End PBXVariantGroup section */

/* Begin XCBuildConfiguration section */
		D722A24022C4F02900737B65 /* Debug */ = {
			isa = XCBuildConfiguration;
			buildSettings = {
				ALWAYS_SEARCH_USER_PATHS = NO;
				CLANG_ANALYZER_NONNULL = YES;
				CLANG_ANALYZER_NUMBER_OBJECT_CONVERSION = YES_AGGRESSIVE;
				CLANG_CXX_LANGUAGE_STANDARD = "gnu++14";
				CLANG_CXX_LIBRARY = "libc++";
				CLANG_ENABLE_MODULES = YES;
				CLANG_ENABLE_OBJC_ARC = YES;
				CLANG_ENABLE_OBJC_WEAK = YES;
				CLANG_WARN_BLOCK_CAPTURE_AUTORELEASING = YES;
				CLANG_WARN_BOOL_CONVERSION = YES;
				CLANG_WARN_COMMA = YES;
				CLANG_WARN_CONSTANT_CONVERSION = YES;
				CLANG_WARN_DEPRECATED_OBJC_IMPLEMENTATIONS = YES;
				CLANG_WARN_DIRECT_OBJC_ISA_USAGE = YES_ERROR;
				CLANG_WARN_DOCUMENTATION_COMMENTS = YES;
				CLANG_WARN_EMPTY_BODY = YES;
				CLANG_WARN_ENUM_CONVERSION = YES;
				CLANG_WARN_INFINITE_RECURSION = YES;
				CLANG_WARN_INT_CONVERSION = YES;
				CLANG_WARN_NON_LITERAL_NULL_CONVERSION = YES;
				CLANG_WARN_OBJC_IMPLICIT_RETAIN_SELF = YES;
				CLANG_WARN_OBJC_LITERAL_CONVERSION = YES;
				CLANG_WARN_OBJC_ROOT_CLASS = YES_ERROR;
				CLANG_WARN_RANGE_LOOP_ANALYSIS = YES;
				CLANG_WARN_STRICT_PROTOTYPES = YES;
				CLANG_WARN_SUSPICIOUS_MOVE = YES;
				CLANG_WARN_UNGUARDED_AVAILABILITY = YES_AGGRESSIVE;
				CLANG_WARN_UNREACHABLE_CODE = YES;
				CLANG_WARN__DUPLICATE_METHOD_MATCH = YES;
				CODE_SIGN_IDENTITY = "iPhone Developer";
				COPY_PHASE_STRIP = NO;
				DEBUG_INFORMATION_FORMAT = dwarf;
				ENABLE_STRICT_OBJC_MSGSEND = YES;
				ENABLE_TESTABILITY = YES;
				GCC_C_LANGUAGE_STANDARD = gnu11;
				GCC_DYNAMIC_NO_PIC = NO;
				GCC_NO_COMMON_BLOCKS = YES;
				GCC_OPTIMIZATION_LEVEL = 0;
				GCC_PREPROCESSOR_DEFINITIONS = (
					"DEBUG=1",
					"$(inherited)",
				);
				GCC_WARN_64_TO_32_BIT_CONVERSION = YES;
				GCC_WARN_ABOUT_RETURN_TYPE = YES_ERROR;
				GCC_WARN_UNDECLARED_SELECTOR = YES;
				GCC_WARN_UNINITIALIZED_AUTOS = YES_AGGRESSIVE;
				GCC_WARN_UNUSED_FUNCTION = YES;
				GCC_WARN_UNUSED_VARIABLE = YES;
				IPHONEOS_DEPLOYMENT_TARGET = 12.2;
				MTL_ENABLE_DEBUG_INFO = INCLUDE_SOURCE;
				MTL_FAST_MATH = YES;
				ONLY_ACTIVE_ARCH = YES;
				SDKROOT = iphoneos;
				SWIFT_ACTIVE_COMPILATION_CONDITIONS = DEBUG;
				SWIFT_OPTIMIZATION_LEVEL = "-Onone";
			};
			name = Debug;
		};
		D722A24122C4F02900737B65 /* Release */ = {
			isa = XCBuildConfiguration;
			buildSettings = {
				ALWAYS_SEARCH_USER_PATHS = NO;
				CLANG_ANALYZER_NONNULL = YES;
				CLANG_ANALYZER_NUMBER_OBJECT_CONVERSION = YES_AGGRESSIVE;
				CLANG_CXX_LANGUAGE_STANDARD = "gnu++14";
				CLANG_CXX_LIBRARY = "libc++";
				CLANG_ENABLE_MODULES = YES;
				CLANG_ENABLE_OBJC_ARC = YES;
				CLANG_ENABLE_OBJC_WEAK = YES;
				CLANG_WARN_BLOCK_CAPTURE_AUTORELEASING = YES;
				CLANG_WARN_BOOL_CONVERSION = YES;
				CLANG_WARN_COMMA = YES;
				CLANG_WARN_CONSTANT_CONVERSION = YES;
				CLANG_WARN_DEPRECATED_OBJC_IMPLEMENTATIONS = YES;
				CLANG_WARN_DIRECT_OBJC_ISA_USAGE = YES_ERROR;
				CLANG_WARN_DOCUMENTATION_COMMENTS = YES;
				CLANG_WARN_EMPTY_BODY = YES;
				CLANG_WARN_ENUM_CONVERSION = YES;
				CLANG_WARN_INFINITE_RECURSION = YES;
				CLANG_WARN_INT_CONVERSION = YES;
				CLANG_WARN_NON_LITERAL_NULL_CONVERSION = YES;
				CLANG_WARN_OBJC_IMPLICIT_RETAIN_SELF = YES;
				CLANG_WARN_OBJC_LITERAL_CONVERSION = YES;
				CLANG_WARN_OBJC_ROOT_CLASS = YES_ERROR;
				CLANG_WARN_RANGE_LOOP_ANALYSIS = YES;
				CLANG_WARN_STRICT_PROTOTYPES = YES;
				CLANG_WARN_SUSPICIOUS_MOVE = YES;
				CLANG_WARN_UNGUARDED_AVAILABILITY = YES_AGGRESSIVE;
				CLANG_WARN_UNREACHABLE_CODE = YES;
				CLANG_WARN__DUPLICATE_METHOD_MATCH = YES;
				CODE_SIGN_IDENTITY = "iPhone Developer";
				COPY_PHASE_STRIP = NO;
				DEBUG_INFORMATION_FORMAT = "dwarf-with-dsym";
				ENABLE_NS_ASSERTIONS = NO;
				ENABLE_STRICT_OBJC_MSGSEND = YES;
				GCC_C_LANGUAGE_STANDARD = gnu11;
				GCC_NO_COMMON_BLOCKS = YES;
				GCC_WARN_64_TO_32_BIT_CONVERSION = YES;
				GCC_WARN_ABOUT_RETURN_TYPE = YES_ERROR;
				GCC_WARN_UNDECLARED_SELECTOR = YES;
				GCC_WARN_UNINITIALIZED_AUTOS = YES_AGGRESSIVE;
				GCC_WARN_UNUSED_FUNCTION = YES;
				GCC_WARN_UNUSED_VARIABLE = YES;
				IPHONEOS_DEPLOYMENT_TARGET = 12.2;
				MTL_ENABLE_DEBUG_INFO = NO;
				MTL_FAST_MATH = YES;
				SDKROOT = iphoneos;
				SWIFT_COMPILATION_MODE = wholemodule;
				SWIFT_OPTIMIZATION_LEVEL = "-O";
				VALIDATE_PRODUCT = YES;
			};
			name = Release;
		};
		D722A24322C4F02900737B65 /* Debug */ = {
			isa = XCBuildConfiguration;
			buildSettings = {
				ASSETCATALOG_COMPILER_APPICON_NAME = AppIcon;
				CLANG_ENABLE_MODULES = YES;
				CODE_SIGN_STYLE = Automatic;
				DEVELOPMENT_TEAM = L5M4866SC8;
				ENABLE_BITCODE = YES;
				INFOPLIST_FILE = Example15/Info.plist;
				IPHONEOS_DEPLOYMENT_TARGET = 10.0;
				LD_RUNPATH_SEARCH_PATHS = (
					"$(inherited)",
					"@executable_path/Frameworks",
				);
				PRODUCT_BUNDLE_IDENTIFIER = com.penthera.Example15;
				PRODUCT_NAME = Example15;
				SWIFT_OBJC_BRIDGING_HEADER = "Example15/Example15-Bridging-Header.h";
				SWIFT_OPTIMIZATION_LEVEL = "-Onone";
				SWIFT_VERSION = 4.2;
				TARGETED_DEVICE_FAMILY = "1,2";
			};
			name = Debug;
		};
		D722A24422C4F02900737B65 /* Release */ = {
			isa = XCBuildConfiguration;
			buildSettings = {
				ASSETCATALOG_COMPILER_APPICON_NAME = AppIcon;
				CLANG_ENABLE_MODULES = YES;
				CODE_SIGN_STYLE = Automatic;
				DEVELOPMENT_TEAM = L5M4866SC8;
				ENABLE_BITCODE = YES;
				INFOPLIST_FILE = Example15/Info.plist;
				IPHONEOS_DEPLOYMENT_TARGET = 10.0;
				LD_RUNPATH_SEARCH_PATHS = (
					"$(inherited)",
					"@executable_path/Frameworks",
				);
				PRODUCT_BUNDLE_IDENTIFIER = com.penthera.Example15;
				PRODUCT_NAME = Example15;
				SWIFT_OBJC_BRIDGING_HEADER = "Example15/Example15-Bridging-Header.h";
				SWIFT_VERSION = 4.2;
				TARGETED_DEVICE_FAMILY = "1,2";
			};
			name = Release;
		};
/* End XCBuildConfiguration section */

/* Begin XCConfigurationList section */
		D722A22B22C4F02900737B65 /* Build configuration list for PBXProject "Example15" */ = {
			isa = XCConfigurationList;
			buildConfigurations = (
				D722A24022C4F02900737B65 /* Debug */,
				D722A24122C4F02900737B65 /* Release */,
			);
			defaultConfigurationIsVisible = 0;
			defaultConfigurationName = Release;
		};
		D722A24222C4F02900737B65 /* Build configuration list for PBXNativeTarget "Example15" */ = {
			isa = XCConfigurationList;
			buildConfigurations = (
				D722A24322C4F02900737B65 /* Debug */,
				D722A24422C4F02900737B65 /* Release */,
			);
			defaultConfigurationIsVisible = 0;
			defaultConfigurationName = Release;
		};
/* End XCConfigurationList section */
	};
	rootObject = D722A22822C4F02900737B65 /* Project object */;
}
