{
  "pins" : [
    {
      "identity" : "download2go-ios",
      "kind" : "remoteSourceControl",
      "location" : "https://github.com/penthera/Download2Go-ios",
      "state" : {
        "branch" : "master",
        "revision" : "368fadf284e3ba57fad8fd752767bc61f7bfee01"
      }
    }
  ],
  "version" : 2
}
