{
  "object": {
    "pins": [
      {
        "package": "VirtuosoClientDownloadEngine",
        "repositoryURL": "https://github.com/penthera/Download2Go-ios",
        "state": {
          "branch": "master",
          "revision": "7f509bae5e2e12f277d6ba8e9dbe25de51cecb8a",
          "version": null
        }
      }
    ]
  },
  "version": 1
}
