{
  "pins" : [
    {
      "identity" : "download2go-ios",
      "kind" : "remoteSourceControl",
      "location" : "https://github.com/penthera/Download2Go-ios",
      "state" : {
        "branch" : "master",
        "revision" : "e136b98a46f5c89dadcd6403151b8f258d4220f8"
      }
    }
  ],
  "version" : 2
}
